// !$*UTF8*$!
{
	archiveVersion = 1;
	classes = {
	};
	objectVersion = 46;
	objects = {

/* Begin PBXBuildFile section */
		17193B361DBE09AE0012C2C5 /* Default_6@2x.png in Resources */ = {isa = PBXBuildFile; fileRef = 17193B2F1DBE09AE0012C2C5 /* Default_6@2x.png */; };
		17193B371DBE09AE0012C2C5 /* Default_6p@3x.png in Resources */ = {isa = PBXBuildFile; fileRef = 17193B301DBE09AE0012C2C5 /* Default_6p@3x.png */; };
		17193B381DBE09AE0012C2C5 /* Default-568h@2x-1.png in Resources */ = {isa = PBXBuildFile; fileRef = 17193B311DBE09AE0012C2C5 /* Default-568h@2x-1.png */; };
		17193B391DBE09AE0012C2C5 /* Default-568h@2x.png in Resources */ = {isa = PBXBuildFile; fileRef = 17193B321DBE09AE0012C2C5 /* Default-568h@2x.png */; };
		17193B3A1DBE09AE0012C2C5 /* Default.png in Resources */ = {isa = PBXBuildFile; fileRef = 17193B331DBE09AE0012C2C5 /* Default.png */; };
		17193B3B1DBE09AE0012C2C5 /* Default@2x-1.png in Resources */ = {isa = PBXBuildFile; fileRef = 17193B341DBE09AE0012C2C5 /* Default@2x-1.png */; };
		17193B3C1DBE09AE0012C2C5 /* Default@2x.png in Resources */ = {isa = PBXBuildFile; fileRef = 17193B351DBE09AE0012C2C5 /* Default@2x.png */; };
		171E72B21DBEF3A70089D5F6 /* DFHLoginViewController.m in Sources */ = {isa = PBXBuildFile; fileRef = 171E72B11DBEF3A70089D5F6 /* DFHLoginViewController.m */; };
		171E72B51DBEF3E30089D5F6 /* DFHRegisterViewController.m in Sources */ = {isa = PBXBuildFile; fileRef = 171E72B41DBEF3E30089D5F6 /* DFHRegisterViewController.m */; };
		171E72B81DBEF4020089D5F6 /* DFHMachineSelectionController.m in Sources */ = {isa = PBXBuildFile; fileRef = 171E72B71DBEF4020089D5F6 /* DFHMachineSelectionController.m */; };
		171E72BB1DBEFB2C0089D5F6 /* DFHMachineSelectionCollectionCell.m in Sources */ = {isa = PBXBuildFile; fileRef = 171E72BA1DBEFB2C0089D5F6 /* DFHMachineSelectionCollectionCell.m */; };
		171E72C31DBF338D0089D5F6 /* NSData+CommonCrypto.m in Sources */ = {isa = PBXBuildFile; fileRef = 171E72C21DBF338D0089D5F6 /* NSData+CommonCrypto.m */; };
		173E4A361DC1A3F10015B33D /* PositionButton.m in Sources */ = {isa = PBXBuildFile; fileRef = 173E4A351DC1A3F10015B33D /* PositionButton.m */; };
		173E4A401DC1D2DE0015B33D /* TPKeyboardAvoidingCollectionView.m in Sources */ = {isa = PBXBuildFile; fileRef = 173E4A391DC1D2DE0015B33D /* TPKeyboardAvoidingCollectionView.m */; };
		173E4A411DC1D2DE0015B33D /* TPKeyboardAvoidingScrollView.m in Sources */ = {isa = PBXBuildFile; fileRef = 173E4A3B1DC1D2DE0015B33D /* TPKeyboardAvoidingScrollView.m */; };
		173E4A421DC1D2DE0015B33D /* TPKeyboardAvoidingTableView.m in Sources */ = {isa = PBXBuildFile; fileRef = 173E4A3D1DC1D2DE0015B33D /* TPKeyboardAvoidingTableView.m */; };
		173E4A431DC1D2DE0015B33D /* UIScrollView+TPKeyboardAvoidingAdditions.m in Sources */ = {isa = PBXBuildFile; fileRef = 173E4A3F1DC1D2DE0015B33D /* UIScrollView+TPKeyboardAvoidingAdditions.m */; };
		173E4A461DC1FDA00015B33D /* AES.m in Sources */ = {isa = PBXBuildFile; fileRef = 173E4A451DC1FDA00015B33D /* AES.m */; };
		17CFD7461DBDE18400911455 /* DFHImageResource.bundle in Resources */ = {isa = PBXBuildFile; fileRef = 17CFD7451DBDE18400911455 /* DFHImageResource.bundle */; };
		17CFD7591DBDE7AA00911455 /* DFHEnterOptionViewController.m in Sources */ = {isa = PBXBuildFile; fileRef = 17CFD74E1DBDE7AA00911455 /* DFHEnterOptionViewController.m */; };
		17E7B4FD1DC31D7000EAD823 /* DFHGameMainInterFaceController.m in Sources */ = {isa = PBXBuildFile; fileRef = 17E7B4FC1DC31D7000EAD823 /* DFHGameMainInterFaceController.m */; };
		17F794B81DBDA4EC00A73B4F /* DFHDataManager.m in Sources */ = {isa = PBXBuildFile; fileRef = 17F794B71DBDA4EC00A73B4F /* DFHDataManager.m */; };
		17F794BF1DBDA88600A73B4F /* DFHLogManagement.m in Sources */ = {isa = PBXBuildFile; fileRef = 17F794BE1DBDA88600A73B4F /* DFHLogManagement.m */; };
		17F794DC1DBDB06B00A73B4F /* DFHDataDefine.m in Sources */ = {isa = PBXBuildFile; fileRef = 17F794D21DBDB06B00A73B4F /* DFHDataDefine.m */; };
		17F794DD1DBDB06B00A73B4F /* DFHHttpRequest.m in Sources */ = {isa = PBXBuildFile; fileRef = 17F794D51DBDB06B00A73B4F /* DFHHttpRequest.m */; };
		17F794DE1DBDB06B00A73B4F /* DFHRequestBaseInterface.m in Sources */ = {isa = PBXBuildFile; fileRef = 17F794D71DBDB06B00A73B4F /* DFHRequestBaseInterface.m */; };
		17F794DF1DBDB06B00A73B4F /* DFHRequestDataInterface.m in Sources */ = {isa = PBXBuildFile; fileRef = 17F794D91DBDB06B00A73B4F /* DFHRequestDataInterface.m */; };
		17F794E01DBDB06B00A73B4F /* DFHResponsePackageDataDefine.m in Sources */ = {isa = PBXBuildFile; fileRef = 17F794DB1DBDB06B00A73B4F /* DFHResponsePackageDataDefine.m */; };
		17F794EA1DBDCFEA00A73B4F /* DFHUtil.m in Sources */ = {isa = PBXBuildFile; fileRef = 17F794E61DBDCFEA00A73B4F /* DFHUtil.m */; };
		17F794EF1DBDD6BF00A73B4F /* DFHSmartUtility.m in Sources */ = {isa = PBXBuildFile; fileRef = 17F794EE1DBDD6BF00A73B4F /* DFHSmartUtility.m */; };
		17F794F61DBDD8F600A73B4F /* DESEncryption.m in Sources */ = {isa = PBXBuildFile; fileRef = 17F794F11DBDD8F600A73B4F /* DESEncryption.m */; };
		17F794F71DBDD8F600A73B4F /* NSString+MD5.m in Sources */ = {isa = PBXBuildFile; fileRef = 17F794F51DBDD8F600A73B4F /* NSString+MD5.m */; };
		3C6A3E4D1DBCCF1700377929 /* main.m in Sources */ = {isa = PBXBuildFile; fileRef = 3C6A3E4C1DBCCF1700377929 /* main.m */; };
		3C6A3E581DBCCF1700377929 /* Assets.xcassets in Resources */ = {isa = PBXBuildFile; fileRef = 3C6A3E571DBCCF1700377929 /* Assets.xcassets */; };
		3C6A3E5B1DBCCF1700377929 /* LaunchScreen.storyboard in Resources */ = {isa = PBXBuildFile; fileRef = 3C6A3E591DBCCF1700377929 /* LaunchScreen.storyboard */; };
		3C6A3E661DBCCF1700377929 /* ___Tests.m in Sources */ = {isa = PBXBuildFile; fileRef = 3C6A3E651DBCCF1700377929 /* ___Tests.m */; };
		3C6A3E711DBCCF1700377929 /* ___UITests.m in Sources */ = {isa = PBXBuildFile; fileRef = 3C6A3E701DBCCF1700377929 /* ___UITests.m */; };
		3C6A40101DBCCFAD00377929 /* UIImage+Util.m in Sources */ = {isa = PBXBuildFile; fileRef = 3C6A3E9D1DBCCFAD00377929 /* UIImage+Util.m */; };
		3C6A40131DBCCFAD00377929 /* UIViewController+HUD.m in Sources */ = {isa = PBXBuildFile; fileRef = 3C6A3EA31DBCCFAD00377929 /* UIViewController+HUD.m */; };
		3C6A40141DBCCFAD00377929 /* UIViewController+KeyboardButton.m in Sources */ = {isa = PBXBuildFile; fileRef = 3C6A3EA51DBCCFAD00377929 /* UIViewController+KeyboardButton.m */; };
		3C6A40151DBCCFAD00377929 /* JSONFormatFunc.m in Sources */ = {isa = PBXBuildFile; fileRef = 3C6A3EA91DBCCFAD00377929 /* JSONFormatFunc.m */; };
		3C6A40831DBCCFAD00377929 /* NSData+Base64.m in Sources */ = {isa = PBXBuildFile; fileRef = 3C6A3F921DBCCFAD00377929 /* NSData+Base64.m */; };
		3C6A40841DBCCFAD00377929 /* NSString+Base64.m in Sources */ = {isa = PBXBuildFile; fileRef = 3C6A3F941DBCCFAD00377929 /* NSString+Base64.m */; };
		3C6A40891DBCCFAD00377929 /* SSKeychain.m in Sources */ = {isa = PBXBuildFile; fileRef = 3C6A3FEE1DBCCFAD00377929 /* SSKeychain.m */; };
		3C6A408A1DBCCFAD00377929 /* GRKPageViewController.m in Sources */ = {isa = PBXBuildFile; fileRef = 3C6A3FF11DBCCFAD00377929 /* GRKPageViewController.m */; };
		3C6A408C1DBCCFAD00377929 /* KILabel.m in Sources */ = {isa = PBXBuildFile; fileRef = 3C6A3FF81DBCCFAD00377929 /* KILabel.m */; };
		3C6A408D1DBCCFAD00377929 /* CKCalendarView.m in Sources */ = {isa = PBXBuildFile; fileRef = 3C6A3FFC1DBCCFAD00377929 /* CKCalendarView.m */; };
		3C6A408E1DBCCFAD00377929 /* left_arrow.png in Resources */ = {isa = PBXBuildFile; fileRef = 3C6A3FFE1DBCCFAD00377929 /* left_arrow.png */; };
		3C6A408F1DBCCFAD00377929 /* left_arrow@2x.png in Resources */ = {isa = PBXBuildFile; fileRef = 3C6A3FFF1DBCCFAD00377929 /* left_arrow@2x.png */; };
		3C6A40901DBCCFAD00377929 /* right_arrow.png in Resources */ = {isa = PBXBuildFile; fileRef = 3C6A40001DBCCFAD00377929 /* right_arrow.png */; };
		3C6A40911DBCCFAD00377929 /* right_arrow@2x.png in Resources */ = {isa = PBXBuildFile; fileRef = 3C6A40011DBCCFAD00377929 /* right_arrow@2x.png */; };
		3C6A40951DBCD18A00377929 /* DFHAppDelegate.m in Sources */ = {isa = PBXBuildFile; fileRef = 3C6A40941DBCD18A00377929 /* DFHAppDelegate.m */; };
		3C6A40981DBCD39600377929 /* DFHBaseViewController.m in Sources */ = {isa = PBXBuildFile; fileRef = 3C6A40971DBCD39600377929 /* DFHBaseViewController.m */; };
		3C6A409B1DBCD3AF00377929 /* DFHNavigationController.m in Sources */ = {isa = PBXBuildFile; fileRef = 3C6A409A1DBCD3AF00377929 /* DFHNavigationController.m */; };
		3C6A409E1DBCD3C900377929 /* DFHTabBarController.m in Sources */ = {isa = PBXBuildFile; fileRef = 3C6A409D1DBCD3C900377929 /* DFHTabBarController.m */; };
		FF00367AF38F1E21FFFD4A8A /* libPods-大富豪.a in Frameworks */ = {isa = PBXBuildFile; fileRef = CA2DCA641823C3744E8E6C14 /* libPods-大富豪.a */; };
/* End PBXBuildFile section */

/* Begin PBXContainerItemProxy section */
		3C6A3E621DBCCF1700377929 /* PBXContainerItemProxy */ = {
			isa = PBXContainerItemProxy;
			containerPortal = 3C6A3E401DBCCF1700377929 /* Project object */;
			proxyType = 1;
			remoteGlobalIDString = 3C6A3E471DBCCF1700377929;
			remoteInfo = "大富豪";
		};
		3C6A3E6D1DBCCF1700377929 /* PBXContainerItemProxy */ = {
			isa = PBXContainerItemProxy;
			containerPortal = 3C6A3E401DBCCF1700377929 /* Project object */;
			proxyType = 1;
			remoteGlobalIDString = 3C6A3E471DBCCF1700377929;
			remoteInfo = "大富豪";
		};
/* End PBXContainerItemProxy section */

/* Begin PBXFileReference section */
		17193B2F1DBE09AE0012C2C5 /* Default_6@2x.png */ = {isa = PBXFileReference; lastKnownFileType = image.png; path = "Default_6@2x.png"; sourceTree = "<group>"; };
		17193B301DBE09AE0012C2C5 /* Default_6p@3x.png */ = {isa = PBXFileReference; lastKnownFileType = image.png; path = "Default_6p@3x.png"; sourceTree = "<group>"; };
		17193B311DBE09AE0012C2C5 /* Default-568h@2x-1.png */ = {isa = PBXFileReference; lastKnownFileType = image.png; path = "Default-568h@2x-1.png"; sourceTree = "<group>"; };
		17193B321DBE09AE0012C2C5 /* Default-568h@2x.png */ = {isa = PBXFileReference; lastKnownFileType = image.png; path = "Default-568h@2x.png"; sourceTree = "<group>"; };
		17193B331DBE09AE0012C2C5 /* Default.png */ = {isa = PBXFileReference; lastKnownFileType = image.png; path = Default.png; sourceTree = "<group>"; };
		17193B341DBE09AE0012C2C5 /* Default@2x-1.png */ = {isa = PBXFileReference; lastKnownFileType = image.png; path = "Default@2x-1.png"; sourceTree = "<group>"; };
		17193B351DBE09AE0012C2C5 /* Default@2x.png */ = {isa = PBXFileReference; lastKnownFileType = image.png; path = "Default@2x.png"; sourceTree = "<group>"; };
		171E72B01DBEF3A70089D5F6 /* DFHLoginViewController.h */ = {isa = PBXFileReference; fileEncoding = 4; lastKnownFileType = sourcecode.c.h; path = DFHLoginViewController.h; sourceTree = "<group>"; };
		171E72B11DBEF3A70089D5F6 /* DFHLoginViewController.m */ = {isa = PBXFileReference; fileEncoding = 4; lastKnownFileType = sourcecode.c.objc; path = DFHLoginViewController.m; sourceTree = "<group>"; };
		171E72B31DBEF3E30089D5F6 /* DFHRegisterViewController.h */ = {isa = PBXFileReference; fileEncoding = 4; lastKnownFileType = sourcecode.c.h; path = DFHRegisterViewController.h; sourceTree = "<group>"; };
		171E72B41DBEF3E30089D5F6 /* DFHRegisterViewController.m */ = {isa = PBXFileReference; fileEncoding = 4; lastKnownFileType = sourcecode.c.objc; path = DFHRegisterViewController.m; sourceTree = "<group>"; };
		171E72B61DBEF4020089D5F6 /* DFHMachineSelectionController.h */ = {isa = PBXFileReference; fileEncoding = 4; lastKnownFileType = sourcecode.c.h; path = DFHMachineSelectionController.h; sourceTree = "<group>"; };
		171E72B71DBEF4020089D5F6 /* DFHMachineSelectionController.m */ = {isa = PBXFileReference; fileEncoding = 4; lastKnownFileType = sourcecode.c.objc; path = DFHMachineSelectionController.m; sourceTree = "<group>"; };
		171E72B91DBEFB2C0089D5F6 /* DFHMachineSelectionCollectionCell.h */ = {isa = PBXFileReference; fileEncoding = 4; lastKnownFileType = sourcecode.c.h; path = DFHMachineSelectionCollectionCell.h; sourceTree = "<group>"; };
		171E72BA1DBEFB2C0089D5F6 /* DFHMachineSelectionCollectionCell.m */ = {isa = PBXFileReference; fileEncoding = 4; lastKnownFileType = sourcecode.c.objc; path = DFHMachineSelectionCollectionCell.m; sourceTree = "<group>"; };
		171E72C11DBF338D0089D5F6 /* NSData+CommonCrypto.h */ = {isa = PBXFileReference; fileEncoding = 4; lastKnownFileType = sourcecode.c.h; path = "NSData+CommonCrypto.h"; sourceTree = "<group>"; };
		171E72C21DBF338D0089D5F6 /* NSData+CommonCrypto.m */ = {isa = PBXFileReference; fileEncoding = 4; lastKnownFileType = sourcecode.c.objc; path = "NSData+CommonCrypto.m"; sourceTree = "<group>"; };
		173E4A341DC1A3F10015B33D /* PositionButton.h */ = {isa = PBXFileReference; fileEncoding = 4; lastKnownFileType = sourcecode.c.h; path = PositionButton.h; sourceTree = "<group>"; };
		173E4A351DC1A3F10015B33D /* PositionButton.m */ = {isa = PBXFileReference; fileEncoding = 4; lastKnownFileType = sourcecode.c.objc; path = PositionButton.m; sourceTree = "<group>"; };
		173E4A381DC1D2DE0015B33D /* TPKeyboardAvoidingCollectionView.h */ = {isa = PBXFileReference; fileEncoding = 4; lastKnownFileType = sourcecode.c.h; path = TPKeyboardAvoidingCollectionView.h; sourceTree = "<group>"; };
		173E4A391DC1D2DE0015B33D /* TPKeyboardAvoidingCollectionView.m */ = {isa = PBXFileReference; fileEncoding = 4; lastKnownFileType = sourcecode.c.objc; path = TPKeyboardAvoidingCollectionView.m; sourceTree = "<group>"; };
		173E4A3A1DC1D2DE0015B33D /* TPKeyboardAvoidingScrollView.h */ = {isa = PBXFileReference; fileEncoding = 4; lastKnownFileType = sourcecode.c.h; path = TPKeyboardAvoidingScrollView.h; sourceTree = "<group>"; };
		173E4A3B1DC1D2DE0015B33D /* TPKeyboardAvoidingScrollView.m */ = {isa = PBXFileReference; fileEncoding = 4; lastKnownFileType = sourcecode.c.objc; path = TPKeyboardAvoidingScrollView.m; sourceTree = "<group>"; };
		173E4A3C1DC1D2DE0015B33D /* TPKeyboardAvoidingTableView.h */ = {isa = PBXFileReference; fileEncoding = 4; lastKnownFileType = sourcecode.c.h; path = TPKeyboardAvoidingTableView.h; sourceTree = "<group>"; };
		173E4A3D1DC1D2DE0015B33D /* TPKeyboardAvoidingTableView.m */ = {isa = PBXFileReference; fileEncoding = 4; lastKnownFileType = sourcecode.c.objc; path = TPKeyboardAvoidingTableView.m; sourceTree = "<group>"; };
		173E4A3E1DC1D2DE0015B33D /* UIScrollView+TPKeyboardAvoidingAdditions.h */ = {isa = PBXFileReference; fileEncoding = 4; lastKnownFileType = sourcecode.c.h; path = "UIScrollView+TPKeyboardAvoidingAdditions.h"; sourceTree = "<group>"; };
		173E4A3F1DC1D2DE0015B33D /* UIScrollView+TPKeyboardAvoidingAdditions.m */ = {isa = PBXFileReference; fileEncoding = 4; lastKnownFileType = sourcecode.c.objc; path = "UIScrollView+TPKeyboardAvoidingAdditions.m"; sourceTree = "<group>"; };
		173E4A441DC1FDA00015B33D /* AES.h */ = {isa = PBXFileReference; fileEncoding = 4; lastKnownFileType = sourcecode.c.h; path = AES.h; sourceTree = "<group>"; };
		173E4A451DC1FDA00015B33D /* AES.m */ = {isa = PBXFileReference; fileEncoding = 4; lastKnownFileType = sourcecode.c.objc; path = AES.m; sourceTree = "<group>"; };
		17CFD7451DBDE18400911455 /* DFHImageResource.bundle */ = {isa = PBXFileReference; lastKnownFileType = "wrapper.plug-in"; path = DFHImageResource.bundle; sourceTree = "<group>"; };
		17CFD74D1DBDE7AA00911455 /* DFHEnterOptionViewController.h */ = {isa = PBXFileReference; fileEncoding = 4; lastKnownFileType = sourcecode.c.h; path = DFHEnterOptionViewController.h; sourceTree = "<group>"; };
		17CFD74E1DBDE7AA00911455 /* DFHEnterOptionViewController.m */ = {isa = PBXFileReference; fileEncoding = 4; lastKnownFileType = sourcecode.c.objc; path = DFHEnterOptionViewController.m; sourceTree = "<group>"; };
		17E7B4FB1DC31D7000EAD823 /* DFHGameMainInterFaceController.h */ = {isa = PBXFileReference; fileEncoding = 4; lastKnownFileType = sourcecode.c.h; path = DFHGameMainInterFaceController.h; sourceTree = "<group>"; };
		17E7B4FC1DC31D7000EAD823 /* DFHGameMainInterFaceController.m */ = {isa = PBXFileReference; fileEncoding = 4; lastKnownFileType = sourcecode.c.objc; path = DFHGameMainInterFaceController.m; sourceTree = "<group>"; };
		17F794B61DBDA4EC00A73B4F /* DFHDataManager.h */ = {isa = PBXFileReference; fileEncoding = 4; lastKnownFileType = sourcecode.c.h; path = DFHDataManager.h; sourceTree = "<group>"; };
		17F794B71DBDA4EC00A73B4F /* DFHDataManager.m */ = {isa = PBXFileReference; fileEncoding = 4; lastKnownFileType = sourcecode.c.objc; path = DFHDataManager.m; sourceTree = "<group>"; };
		17F794BD1DBDA88600A73B4F /* DFHLogManagement.h */ = {isa = PBXFileReference; fileEncoding = 4; lastKnownFileType = sourcecode.c.h; path = DFHLogManagement.h; sourceTree = "<group>"; };
		17F794BE1DBDA88600A73B4F /* DFHLogManagement.m */ = {isa = PBXFileReference; fileEncoding = 4; lastKnownFileType = sourcecode.c.objc; path = DFHLogManagement.m; sourceTree = "<group>"; };
		17F794D11DBDB06B00A73B4F /* DFHDataDefine.h */ = {isa = PBXFileReference; fileEncoding = 4; lastKnownFileType = sourcecode.c.h; path = DFHDataDefine.h; sourceTree = "<group>"; };
		17F794D21DBDB06B00A73B4F /* DFHDataDefine.m */ = {isa = PBXFileReference; fileEncoding = 4; lastKnownFileType = sourcecode.c.objc; path = DFHDataDefine.m; sourceTree = "<group>"; };
		17F794D31DBDB06B00A73B4F /* DFHDataUrl.h */ = {isa = PBXFileReference; fileEncoding = 4; lastKnownFileType = sourcecode.c.h; path = DFHDataUrl.h; sourceTree = "<group>"; };
		17F794D41DBDB06B00A73B4F /* DFHHttpRequest.h */ = {isa = PBXFileReference; fileEncoding = 4; lastKnownFileType = sourcecode.c.h; path = DFHHttpRequest.h; sourceTree = "<group>"; };
		17F794D51DBDB06B00A73B4F /* DFHHttpRequest.m */ = {isa = PBXFileReference; fileEncoding = 4; lastKnownFileType = sourcecode.c.objc; path = DFHHttpRequest.m; sourceTree = "<group>"; };
		17F794D61DBDB06B00A73B4F /* DFHRequestBaseInterface.h */ = {isa = PBXFileReference; fileEncoding = 4; lastKnownFileType = sourcecode.c.h; path = DFHRequestBaseInterface.h; sourceTree = "<group>"; };
		17F794D71DBDB06B00A73B4F /* DFHRequestBaseInterface.m */ = {isa = PBXFileReference; fileEncoding = 4; lastKnownFileType = sourcecode.c.objc; path = DFHRequestBaseInterface.m; sourceTree = "<group>"; };
		17F794D81DBDB06B00A73B4F /* DFHRequestDataInterface.h */ = {isa = PBXFileReference; fileEncoding = 4; lastKnownFileType = sourcecode.c.h; path = DFHRequestDataInterface.h; sourceTree = "<group>"; };
		17F794D91DBDB06B00A73B4F /* DFHRequestDataInterface.m */ = {isa = PBXFileReference; fileEncoding = 4; lastKnownFileType = sourcecode.c.objc; path = DFHRequestDataInterface.m; sourceTree = "<group>"; };
		17F794DA1DBDB06B00A73B4F /* DFHResponsePackageDataDefine.h */ = {isa = PBXFileReference; fileEncoding = 4; lastKnownFileType = sourcecode.c.h; path = DFHResponsePackageDataDefine.h; sourceTree = "<group>"; };
		17F794DB1DBDB06B00A73B4F /* DFHResponsePackageDataDefine.m */ = {isa = PBXFileReference; fileEncoding = 4; lastKnownFileType = sourcecode.c.objc; path = DFHResponsePackageDataDefine.m; sourceTree = "<group>"; };
		17F794E21DBDCFEA00A73B4F /* DFHDefine.h */ = {isa = PBXFileReference; fileEncoding = 4; lastKnownFileType = sourcecode.c.h; path = DFHDefine.h; sourceTree = "<group>"; };
		17F794E51DBDCFEA00A73B4F /* DFHUtil.h */ = {isa = PBXFileReference; fileEncoding = 4; lastKnownFileType = sourcecode.c.h; path = DFHUtil.h; sourceTree = "<group>"; };
		17F794E61DBDCFEA00A73B4F /* DFHUtil.m */ = {isa = PBXFileReference; fileEncoding = 4; lastKnownFileType = sourcecode.c.objc; path = DFHUtil.m; sourceTree = "<group>"; };
		17F794EC1DBDD05D00A73B4F /* Log.h */ = {isa = PBXFileReference; fileEncoding = 4; lastKnownFileType = sourcecode.c.h; path = Log.h; sourceTree = "<group>"; };
		17F794ED1DBDD6BF00A73B4F /* DFHSmartUtility.h */ = {isa = PBXFileReference; fileEncoding = 4; lastKnownFileType = sourcecode.c.h; path = DFHSmartUtility.h; sourceTree = "<group>"; };
		17F794EE1DBDD6BF00A73B4F /* DFHSmartUtility.m */ = {isa = PBXFileReference; fileEncoding = 4; lastKnownFileType = sourcecode.c.objc; path = DFHSmartUtility.m; sourceTree = "<group>"; };
		17F794F11DBDD8F600A73B4F /* DESEncryption.m */ = {isa = PBXFileReference; fileEncoding = 4; lastKnownFileType = sourcecode.c.objc; path = DESEncryption.m; sourceTree = "<group>"; };
		17F794F21DBDD8F600A73B4F /* DESEncryption.h */ = {isa = PBXFileReference; fileEncoding = 4; lastKnownFileType = sourcecode.c.h; path = DESEncryption.h; sourceTree = "<group>"; };
		17F794F41DBDD8F600A73B4F /* NSString+MD5.h */ = {isa = PBXFileReference; fileEncoding = 4; lastKnownFileType = sourcecode.c.h; path = "NSString+MD5.h"; sourceTree = "<group>"; };
		17F794F51DBDD8F600A73B4F /* NSString+MD5.m */ = {isa = PBXFileReference; fileEncoding = 4; lastKnownFileType = sourcecode.c.objc; path = "NSString+MD5.m"; sourceTree = "<group>"; };
		196CFE6F246B3A3BD2CA0A7B /* Pods-大富豪.release.xcconfig */ = {isa = PBXFileReference; includeInIndex = 1; lastKnownFileType = text.xcconfig; name = "Pods-大富豪.release.xcconfig"; path = "Pods/Target Support Files/Pods-大富豪/Pods-大富豪.release.xcconfig"; sourceTree = "<group>"; };
		3C6A3E481DBCCF1700377929 /* 大富豪.app */ = {isa = PBXFileReference; explicitFileType = wrapper.application; includeInIndex = 0; path = "大富豪.app"; sourceTree = BUILT_PRODUCTS_DIR; };
		3C6A3E4C1DBCCF1700377929 /* main.m */ = {isa = PBXFileReference; lastKnownFileType = sourcecode.c.objc; path = main.m; sourceTree = "<group>"; };
		3C6A3E571DBCCF1700377929 /* Assets.xcassets */ = {isa = PBXFileReference; lastKnownFileType = folder.assetcatalog; path = Assets.xcassets; sourceTree = "<group>"; };
		3C6A3E5A1DBCCF1700377929 /* Base */ = {isa = PBXFileReference; lastKnownFileType = file.storyboard; name = Base; path = Base.lproj/LaunchScreen.storyboard; sourceTree = "<group>"; };
		3C6A3E5C1DBCCF1700377929 /* Info.plist */ = {isa = PBXFileReference; lastKnownFileType = text.plist.xml; path = Info.plist; sourceTree = "<group>"; };
		3C6A3E611DBCCF1700377929 /* 大富豪Tests.xctest */ = {isa = PBXFileReference; explicitFileType = wrapper.cfbundle; includeInIndex = 0; path = "大富豪Tests.xctest"; sourceTree = BUILT_PRODUCTS_DIR; };
		3C6A3E651DBCCF1700377929 /* ___Tests.m */ = {isa = PBXFileReference; lastKnownFileType = sourcecode.c.objc; path = "___Tests.m"; sourceTree = "<group>"; };
		3C6A3E671DBCCF1700377929 /* Info.plist */ = {isa = PBXFileReference; lastKnownFileType = text.plist.xml; path = Info.plist; sourceTree = "<group>"; };
		3C6A3E6C1DBCCF1700377929 /* 大富豪UITests.xctest */ = {isa = PBXFileReference; explicitFileType = wrapper.cfbundle; includeInIndex = 0; path = "大富豪UITests.xctest"; sourceTree = BUILT_PRODUCTS_DIR; };
		3C6A3E701DBCCF1700377929 /* ___UITests.m */ = {isa = PBXFileReference; lastKnownFileType = sourcecode.c.objc; path = "___UITests.m"; sourceTree = "<group>"; };
		3C6A3E721DBCCF1700377929 /* Info.plist */ = {isa = PBXFileReference; lastKnownFileType = text.plist.xml; path = Info.plist; sourceTree = "<group>"; };
		3C6A3E9C1DBCCFAD00377929 /* UIImage+Util.h */ = {isa = PBXFileReference; fileEncoding = 4; lastKnownFileType = sourcecode.c.h; path = "UIImage+Util.h"; sourceTree = "<group>"; };
		3C6A3E9D1DBCCFAD00377929 /* UIImage+Util.m */ = {isa = PBXFileReference; fileEncoding = 4; lastKnownFileType = sourcecode.c.objc; path = "UIImage+Util.m"; sourceTree = "<group>"; };
		3C6A3EA21DBCCFAD00377929 /* UIViewController+HUD.h */ = {isa = PBXFileReference; fileEncoding = 4; lastKnownFileType = sourcecode.c.h; path = "UIViewController+HUD.h"; sourceTree = "<group>"; };
		3C6A3EA31DBCCFAD00377929 /* UIViewController+HUD.m */ = {isa = PBXFileReference; fileEncoding = 4; lastKnownFileType = sourcecode.c.objc; path = "UIViewController+HUD.m"; sourceTree = "<group>"; };
		3C6A3EA41DBCCFAD00377929 /* UIViewController+KeyboardButton.h */ = {isa = PBXFileReference; fileEncoding = 4; lastKnownFileType = sourcecode.c.h; path = "UIViewController+KeyboardButton.h"; sourceTree = "<group>"; };
		3C6A3EA51DBCCFAD00377929 /* UIViewController+KeyboardButton.m */ = {isa = PBXFileReference; fileEncoding = 4; lastKnownFileType = sourcecode.c.objc; path = "UIViewController+KeyboardButton.m"; sourceTree = "<group>"; };
		3C6A3EA81DBCCFAD00377929 /* JSONFormatFunc.h */ = {isa = PBXFileReference; fileEncoding = 4; lastKnownFileType = sourcecode.c.h; path = JSONFormatFunc.h; sourceTree = "<group>"; };
		3C6A3EA91DBCCFAD00377929 /* JSONFormatFunc.m */ = {isa = PBXFileReference; fileEncoding = 4; lastKnownFileType = sourcecode.c.objc; path = JSONFormatFunc.m; sourceTree = "<group>"; };
		3C6A3F911DBCCFAD00377929 /* NSData+Base64.h */ = {isa = PBXFileReference; fileEncoding = 4; lastKnownFileType = sourcecode.c.h; path = "NSData+Base64.h"; sourceTree = "<group>"; };
		3C6A3F921DBCCFAD00377929 /* NSData+Base64.m */ = {isa = PBXFileReference; fileEncoding = 4; lastKnownFileType = sourcecode.c.objc; path = "NSData+Base64.m"; sourceTree = "<group>"; };
		3C6A3F931DBCCFAD00377929 /* NSString+Base64.h */ = {isa = PBXFileReference; fileEncoding = 4; lastKnownFileType = sourcecode.c.h; path = "NSString+Base64.h"; sourceTree = "<group>"; };
		3C6A3F941DBCCFAD00377929 /* NSString+Base64.m */ = {isa = PBXFileReference; fileEncoding = 4; lastKnownFileType = sourcecode.c.objc; path = "NSString+Base64.m"; sourceTree = "<group>"; };
		3C6A3FA11DBCCFAD00377929 /* aes.h */ = {isa = PBXFileReference; fileEncoding = 4; lastKnownFileType = sourcecode.c.h; path = aes.h; sourceTree = "<group>"; };
		3C6A3FA21DBCCFAD00377929 /* asn1.h */ = {isa = PBXFileReference; fileEncoding = 4; lastKnownFileType = sourcecode.c.h; path = asn1.h; sourceTree = "<group>"; };
		3C6A3FA31DBCCFAD00377929 /* asn1_mac.h */ = {isa = PBXFileReference; fileEncoding = 4; lastKnownFileType = sourcecode.c.h; path = asn1_mac.h; sourceTree = "<group>"; };
		3C6A3FA41DBCCFAD00377929 /* asn1t.h */ = {isa = PBXFileReference; fileEncoding = 4; lastKnownFileType = sourcecode.c.h; path = asn1t.h; sourceTree = "<group>"; };
		3C6A3FA51DBCCFAD00377929 /* bio.h */ = {isa = PBXFileReference; fileEncoding = 4; lastKnownFileType = sourcecode.c.h; path = bio.h; sourceTree = "<group>"; };
		3C6A3FA61DBCCFAD00377929 /* blowfish.h */ = {isa = PBXFileReference; fileEncoding = 4; lastKnownFileType = sourcecode.c.h; path = blowfish.h; sourceTree = "<group>"; };
		3C6A3FA71DBCCFAD00377929 /* bn.h */ = {isa = PBXFileReference; fileEncoding = 4; lastKnownFileType = sourcecode.c.h; path = bn.h; sourceTree = "<group>"; };
		3C6A3FA81DBCCFAD00377929 /* buffer.h */ = {isa = PBXFileReference; fileEncoding = 4; lastKnownFileType = sourcecode.c.h; path = buffer.h; sourceTree = "<group>"; };
		3C6A3FA91DBCCFAD00377929 /* camellia.h */ = {isa = PBXFileReference; fileEncoding = 4; lastKnownFileType = sourcecode.c.h; path = camellia.h; sourceTree = "<group>"; };
		3C6A3FAA1DBCCFAD00377929 /* cast.h */ = {isa = PBXFileReference; fileEncoding = 4; lastKnownFileType = sourcecode.c.h; path = cast.h; sourceTree = "<group>"; };
		3C6A3FAB1DBCCFAD00377929 /* cmac.h */ = {isa = PBXFileReference; fileEncoding = 4; lastKnownFileType = sourcecode.c.h; path = cmac.h; sourceTree = "<group>"; };
		3C6A3FAC1DBCCFAD00377929 /* cms.h */ = {isa = PBXFileReference; fileEncoding = 4; lastKnownFileType = sourcecode.c.h; path = cms.h; sourceTree = "<group>"; };
		3C6A3FAD1DBCCFAD00377929 /* comp.h */ = {isa = PBXFileReference; fileEncoding = 4; lastKnownFileType = sourcecode.c.h; path = comp.h; sourceTree = "<group>"; };
		3C6A3FAE1DBCCFAD00377929 /* conf.h */ = {isa = PBXFileReference; fileEncoding = 4; lastKnownFileType = sourcecode.c.h; path = conf.h; sourceTree = "<group>"; };
		3C6A3FAF1DBCCFAD00377929 /* conf_api.h */ = {isa = PBXFileReference; fileEncoding = 4; lastKnownFileType = sourcecode.c.h; path = conf_api.h; sourceTree = "<group>"; };
		3C6A3FB01DBCCFAD00377929 /* crypto.h */ = {isa = PBXFileReference; fileEncoding = 4; lastKnownFileType = sourcecode.c.h; path = crypto.h; sourceTree = "<group>"; };
		3C6A3FB11DBCCFAD00377929 /* des.h */ = {isa = PBXFileReference; fileEncoding = 4; lastKnownFileType = sourcecode.c.h; path = des.h; sourceTree = "<group>"; };
		3C6A3FB21DBCCFAD00377929 /* des_old.h */ = {isa = PBXFileReference; fileEncoding = 4; lastKnownFileType = sourcecode.c.h; path = des_old.h; sourceTree = "<group>"; };
		3C6A3FB31DBCCFAD00377929 /* dh.h */ = {isa = PBXFileReference; fileEncoding = 4; lastKnownFileType = sourcecode.c.h; path = dh.h; sourceTree = "<group>"; };
		3C6A3FB41DBCCFAD00377929 /* dsa.h */ = {isa = PBXFileReference; fileEncoding = 4; lastKnownFileType = sourcecode.c.h; path = dsa.h; sourceTree = "<group>"; };
		3C6A3FB51DBCCFAD00377929 /* dso.h */ = {isa = PBXFileReference; fileEncoding = 4; lastKnownFileType = sourcecode.c.h; path = dso.h; sourceTree = "<group>"; };
		3C6A3FB61DBCCFAD00377929 /* dtls1.h */ = {isa = PBXFileReference; fileEncoding = 4; lastKnownFileType = sourcecode.c.h; path = dtls1.h; sourceTree = "<group>"; };
		3C6A3FB71DBCCFAD00377929 /* e_os2.h */ = {isa = PBXFileReference; fileEncoding = 4; lastKnownFileType = sourcecode.c.h; path = e_os2.h; sourceTree = "<group>"; };
		3C6A3FB81DBCCFAD00377929 /* ebcdic.h */ = {isa = PBXFileReference; fileEncoding = 4; lastKnownFileType = sourcecode.c.h; path = ebcdic.h; sourceTree = "<group>"; };
		3C6A3FB91DBCCFAD00377929 /* ec.h */ = {isa = PBXFileReference; fileEncoding = 4; lastKnownFileType = sourcecode.c.h; path = ec.h; sourceTree = "<group>"; };
		3C6A3FBA1DBCCFAD00377929 /* ecdh.h */ = {isa = PBXFileReference; fileEncoding = 4; lastKnownFileType = sourcecode.c.h; path = ecdh.h; sourceTree = "<group>"; };
		3C6A3FBB1DBCCFAD00377929 /* ecdsa.h */ = {isa = PBXFileReference; fileEncoding = 4; lastKnownFileType = sourcecode.c.h; path = ecdsa.h; sourceTree = "<group>"; };
		3C6A3FBC1DBCCFAD00377929 /* engine.h */ = {isa = PBXFileReference; fileEncoding = 4; lastKnownFileType = sourcecode.c.h; path = engine.h; sourceTree = "<group>"; };
		3C6A3FBD1DBCCFAD00377929 /* err.h */ = {isa = PBXFileReference; fileEncoding = 4; lastKnownFileType = sourcecode.c.h; path = err.h; sourceTree = "<group>"; };
		3C6A3FBE1DBCCFAD00377929 /* evp.h */ = {isa = PBXFileReference; fileEncoding = 4; lastKnownFileType = sourcecode.c.h; path = evp.h; sourceTree = "<group>"; };
		3C6A3FBF1DBCCFAD00377929 /* hmac.h */ = {isa = PBXFileReference; fileEncoding = 4; lastKnownFileType = sourcecode.c.h; path = hmac.h; sourceTree = "<group>"; };
		3C6A3FC01DBCCFAD00377929 /* idea.h */ = {isa = PBXFileReference; fileEncoding = 4; lastKnownFileType = sourcecode.c.h; path = idea.h; sourceTree = "<group>"; };
		3C6A3FC11DBCCFAD00377929 /* krb5_asn.h */ = {isa = PBXFileReference; fileEncoding = 4; lastKnownFileType = sourcecode.c.h; path = krb5_asn.h; sourceTree = "<group>"; };
		3C6A3FC21DBCCFAD00377929 /* kssl.h */ = {isa = PBXFileReference; fileEncoding = 4; lastKnownFileType = sourcecode.c.h; path = kssl.h; sourceTree = "<group>"; };
		3C6A3FC31DBCCFAD00377929 /* lhash.h */ = {isa = PBXFileReference; fileEncoding = 4; lastKnownFileType = sourcecode.c.h; path = lhash.h; sourceTree = "<group>"; };
		3C6A3FC41DBCCFAD00377929 /* md4.h */ = {isa = PBXFileReference; fileEncoding = 4; lastKnownFileType = sourcecode.c.h; path = md4.h; sourceTree = "<group>"; };
		3C6A3FC51DBCCFAD00377929 /* md5.h */ = {isa = PBXFileReference; fileEncoding = 4; lastKnownFileType = sourcecode.c.h; path = md5.h; sourceTree = "<group>"; };
		3C6A3FC61DBCCFAD00377929 /* mdc2.h */ = {isa = PBXFileReference; fileEncoding = 4; lastKnownFileType = sourcecode.c.h; path = mdc2.h; sourceTree = "<group>"; };
		3C6A3FC71DBCCFAD00377929 /* modes.h */ = {isa = PBXFileReference; fileEncoding = 4; lastKnownFileType = sourcecode.c.h; path = modes.h; sourceTree = "<group>"; };
		3C6A3FC81DBCCFAD00377929 /* obj_mac.h */ = {isa = PBXFileReference; fileEncoding = 4; lastKnownFileType = sourcecode.c.h; path = obj_mac.h; sourceTree = "<group>"; };
		3C6A3FC91DBCCFAD00377929 /* objects.h */ = {isa = PBXFileReference; fileEncoding = 4; lastKnownFileType = sourcecode.c.h; path = objects.h; sourceTree = "<group>"; };
		3C6A3FCA1DBCCFAD00377929 /* ocsp.h */ = {isa = PBXFileReference; fileEncoding = 4; lastKnownFileType = sourcecode.c.h; path = ocsp.h; sourceTree = "<group>"; };
		3C6A3FCB1DBCCFAD00377929 /* opensslconf.h */ = {isa = PBXFileReference; fileEncoding = 4; lastKnownFileType = sourcecode.c.h; path = opensslconf.h; sourceTree = "<group>"; };
		3C6A3FCC1DBCCFAD00377929 /* opensslv.h */ = {isa = PBXFileReference; fileEncoding = 4; lastKnownFileType = sourcecode.c.h; path = opensslv.h; sourceTree = "<group>"; };
		3C6A3FCD1DBCCFAD00377929 /* ossl_typ.h */ = {isa = PBXFileReference; fileEncoding = 4; lastKnownFileType = sourcecode.c.h; path = ossl_typ.h; sourceTree = "<group>"; };
		3C6A3FCE1DBCCFAD00377929 /* pem.h */ = {isa = PBXFileReference; fileEncoding = 4; lastKnownFileType = sourcecode.c.h; path = pem.h; sourceTree = "<group>"; };
		3C6A3FCF1DBCCFAD00377929 /* pem2.h */ = {isa = PBXFileReference; fileEncoding = 4; lastKnownFileType = sourcecode.c.h; path = pem2.h; sourceTree = "<group>"; };
		3C6A3FD01DBCCFAD00377929 /* pkcs12.h */ = {isa = PBXFileReference; fileEncoding = 4; lastKnownFileType = sourcecode.c.h; path = pkcs12.h; sourceTree = "<group>"; };
		3C6A3FD11DBCCFAD00377929 /* pkcs7.h */ = {isa = PBXFileReference; fileEncoding = 4; lastKnownFileType = sourcecode.c.h; path = pkcs7.h; sourceTree = "<group>"; };
		3C6A3FD21DBCCFAD00377929 /* pqueue.h */ = {isa = PBXFileReference; fileEncoding = 4; lastKnownFileType = sourcecode.c.h; path = pqueue.h; sourceTree = "<group>"; };
		3C6A3FD31DBCCFAD00377929 /* rand.h */ = {isa = PBXFileReference; fileEncoding = 4; lastKnownFileType = sourcecode.c.h; path = rand.h; sourceTree = "<group>"; };
		3C6A3FD41DBCCFAD00377929 /* rc2.h */ = {isa = PBXFileReference; fileEncoding = 4; lastKnownFileType = sourcecode.c.h; path = rc2.h; sourceTree = "<group>"; };
		3C6A3FD51DBCCFAD00377929 /* rc4.h */ = {isa = PBXFileReference; fileEncoding = 4; lastKnownFileType = sourcecode.c.h; path = rc4.h; sourceTree = "<group>"; };
		3C6A3FD61DBCCFAD00377929 /* ripemd.h */ = {isa = PBXFileReference; fileEncoding = 4; lastKnownFileType = sourcecode.c.h; path = ripemd.h; sourceTree = "<group>"; };
		3C6A3FD71DBCCFAD00377929 /* rsa.h */ = {isa = PBXFileReference; fileEncoding = 4; lastKnownFileType = sourcecode.c.h; path = rsa.h; sourceTree = "<group>"; };
		3C6A3FD81DBCCFAD00377929 /* safestack.h */ = {isa = PBXFileReference; fileEncoding = 4; lastKnownFileType = sourcecode.c.h; path = safestack.h; sourceTree = "<group>"; };
		3C6A3FD91DBCCFAD00377929 /* seed.h */ = {isa = PBXFileReference; fileEncoding = 4; lastKnownFileType = sourcecode.c.h; path = seed.h; sourceTree = "<group>"; };
		3C6A3FDA1DBCCFAD00377929 /* sha.h */ = {isa = PBXFileReference; fileEncoding = 4; lastKnownFileType = sourcecode.c.h; path = sha.h; sourceTree = "<group>"; };
		3C6A3FDB1DBCCFAD00377929 /* srp.h */ = {isa = PBXFileReference; fileEncoding = 4; lastKnownFileType = sourcecode.c.h; path = srp.h; sourceTree = "<group>"; };
		3C6A3FDC1DBCCFAD00377929 /* srtp.h */ = {isa = PBXFileReference; fileEncoding = 4; lastKnownFileType = sourcecode.c.h; path = srtp.h; sourceTree = "<group>"; };
		3C6A3FDD1DBCCFAD00377929 /* ssl.h */ = {isa = PBXFileReference; fileEncoding = 4; lastKnownFileType = sourcecode.c.h; path = ssl.h; sourceTree = "<group>"; };
		3C6A3FDE1DBCCFAD00377929 /* ssl2.h */ = {isa = PBXFileReference; fileEncoding = 4; lastKnownFileType = sourcecode.c.h; path = ssl2.h; sourceTree = "<group>"; };
		3C6A3FDF1DBCCFAD00377929 /* ssl23.h */ = {isa = PBXFileReference; fileEncoding = 4; lastKnownFileType = sourcecode.c.h; path = ssl23.h; sourceTree = "<group>"; };
		3C6A3FE01DBCCFAD00377929 /* ssl3.h */ = {isa = PBXFileReference; fileEncoding = 4; lastKnownFileType = sourcecode.c.h; path = ssl3.h; sourceTree = "<group>"; };
		3C6A3FE11DBCCFAD00377929 /* stack.h */ = {isa = PBXFileReference; fileEncoding = 4; lastKnownFileType = sourcecode.c.h; path = stack.h; sourceTree = "<group>"; };
		3C6A3FE21DBCCFAD00377929 /* symhacks.h */ = {isa = PBXFileReference; fileEncoding = 4; lastKnownFileType = sourcecode.c.h; path = symhacks.h; sourceTree = "<group>"; };
		3C6A3FE31DBCCFAD00377929 /* tls1.h */ = {isa = PBXFileReference; fileEncoding = 4; lastKnownFileType = sourcecode.c.h; path = tls1.h; sourceTree = "<group>"; };
		3C6A3FE41DBCCFAD00377929 /* ts.h */ = {isa = PBXFileReference; fileEncoding = 4; lastKnownFileType = sourcecode.c.h; path = ts.h; sourceTree = "<group>"; };
		3C6A3FE51DBCCFAD00377929 /* txt_db.h */ = {isa = PBXFileReference; fileEncoding = 4; lastKnownFileType = sourcecode.c.h; path = txt_db.h; sourceTree = "<group>"; };
		3C6A3FE61DBCCFAD00377929 /* ui.h */ = {isa = PBXFileReference; fileEncoding = 4; lastKnownFileType = sourcecode.c.h; path = ui.h; sourceTree = "<group>"; };
		3C6A3FE71DBCCFAD00377929 /* ui_compat.h */ = {isa = PBXFileReference; fileEncoding = 4; lastKnownFileType = sourcecode.c.h; path = ui_compat.h; sourceTree = "<group>"; };
		3C6A3FE81DBCCFAD00377929 /* whrlpool.h */ = {isa = PBXFileReference; fileEncoding = 4; lastKnownFileType = sourcecode.c.h; path = whrlpool.h; sourceTree = "<group>"; };
		3C6A3FE91DBCCFAD00377929 /* x509.h */ = {isa = PBXFileReference; fileEncoding = 4; lastKnownFileType = sourcecode.c.h; path = x509.h; sourceTree = "<group>"; };
		3C6A3FEA1DBCCFAD00377929 /* x509_vfy.h */ = {isa = PBXFileReference; fileEncoding = 4; lastKnownFileType = sourcecode.c.h; path = x509_vfy.h; sourceTree = "<group>"; };
		3C6A3FEB1DBCCFAD00377929 /* x509v3.h */ = {isa = PBXFileReference; fileEncoding = 4; lastKnownFileType = sourcecode.c.h; path = x509v3.h; sourceTree = "<group>"; };
		3C6A3FED1DBCCFAD00377929 /* SSKeychain.h */ = {isa = PBXFileReference; fileEncoding = 4; lastKnownFileType = sourcecode.c.h; path = SSKeychain.h; sourceTree = "<group>"; };
		3C6A3FEE1DBCCFAD00377929 /* SSKeychain.m */ = {isa = PBXFileReference; fileEncoding = 4; lastKnownFileType = sourcecode.c.objc; path = SSKeychain.m; sourceTree = "<group>"; };
		3C6A3FF01DBCCFAD00377929 /* GRKPageViewController.h */ = {isa = PBXFileReference; fileEncoding = 4; lastKnownFileType = sourcecode.c.h; path = GRKPageViewController.h; sourceTree = "<group>"; };
		3C6A3FF11DBCCFAD00377929 /* GRKPageViewController.m */ = {isa = PBXFileReference; fileEncoding = 4; lastKnownFileType = sourcecode.c.objc; path = GRKPageViewController.m; sourceTree = "<group>"; };
		3C6A3FF71DBCCFAD00377929 /* KILabel.h */ = {isa = PBXFileReference; fileEncoding = 4; lastKnownFileType = sourcecode.c.h; path = KILabel.h; sourceTree = "<group>"; };
		3C6A3FF81DBCCFAD00377929 /* KILabel.m */ = {isa = PBXFileReference; fileEncoding = 4; lastKnownFileType = sourcecode.c.objc; path = KILabel.m; sourceTree = "<group>"; };
		3C6A3FFB1DBCCFAD00377929 /* CKCalendarView.h */ = {isa = PBXFileReference; fileEncoding = 4; lastKnownFileType = sourcecode.c.h; path = CKCalendarView.h; sourceTree = "<group>"; };
		3C6A3FFC1DBCCFAD00377929 /* CKCalendarView.m */ = {isa = PBXFileReference; fileEncoding = 4; lastKnownFileType = sourcecode.c.objc; path = CKCalendarView.m; sourceTree = "<group>"; };
		3C6A3FFE1DBCCFAD00377929 /* left_arrow.png */ = {isa = PBXFileReference; lastKnownFileType = image.png; path = left_arrow.png; sourceTree = "<group>"; };
		3C6A3FFF1DBCCFAD00377929 /* left_arrow@2x.png */ = {isa = PBXFileReference; lastKnownFileType = image.png; path = "left_arrow@2x.png"; sourceTree = "<group>"; };
		3C6A40001DBCCFAD00377929 /* right_arrow.png */ = {isa = PBXFileReference; lastKnownFileType = image.png; path = right_arrow.png; sourceTree = "<group>"; };
		3C6A40011DBCCFAD00377929 /* right_arrow@2x.png */ = {isa = PBXFileReference; lastKnownFileType = image.png; path = "right_arrow@2x.png"; sourceTree = "<group>"; };
		3C6A40921DBCD10500377929 /* DaFuHaoPrefixHeader.pch */ = {isa = PBXFileReference; lastKnownFileType = sourcecode.c.h; path = DaFuHaoPrefixHeader.pch; sourceTree = "<group>"; };
		3C6A40931DBCD18A00377929 /* DFHAppDelegate.h */ = {isa = PBXFileReference; fileEncoding = 4; lastKnownFileType = sourcecode.c.h; path = DFHAppDelegate.h; sourceTree = "<group>"; };
		3C6A40941DBCD18A00377929 /* DFHAppDelegate.m */ = {isa = PBXFileReference; fileEncoding = 4; lastKnownFileType = sourcecode.c.objc; path = DFHAppDelegate.m; sourceTree = "<group>"; };
		3C6A40961DBCD39600377929 /* DFHBaseViewController.h */ = {isa = PBXFileReference; fileEncoding = 4; lastKnownFileType = sourcecode.c.h; path = DFHBaseViewController.h; sourceTree = "<group>"; };
		3C6A40971DBCD39600377929 /* DFHBaseViewController.m */ = {isa = PBXFileReference; fileEncoding = 4; lastKnownFileType = sourcecode.c.objc; path = DFHBaseViewController.m; sourceTree = "<group>"; };
		3C6A40991DBCD3AF00377929 /* DFHNavigationController.h */ = {isa = PBXFileReference; fileEncoding = 4; lastKnownFileType = sourcecode.c.h; path = DFHNavigationController.h; sourceTree = "<group>"; };
		3C6A409A1DBCD3AF00377929 /* DFHNavigationController.m */ = {isa = PBXFileReference; fileEncoding = 4; lastKnownFileType = sourcecode.c.objc; path = DFHNavigationController.m; sourceTree = "<group>"; };
		3C6A409C1DBCD3C900377929 /* DFHTabBarController.h */ = {isa = PBXFileReference; fileEncoding = 4; lastKnownFileType = sourcecode.c.h; path = DFHTabBarController.h; sourceTree = "<group>"; };
		3C6A409D1DBCD3C900377929 /* DFHTabBarController.m */ = {isa = PBXFileReference; fileEncoding = 4; lastKnownFileType = sourcecode.c.objc; path = DFHTabBarController.m; sourceTree = "<group>"; };
		9CF5BE8530604A99EBCD96AA /* Pods-大富豪.debug.xcconfig */ = {isa = PBXFileReference; includeInIndex = 1; lastKnownFileType = text.xcconfig; name = "Pods-大富豪.debug.xcconfig"; path = "Pods/Target Support Files/Pods-大富豪/Pods-大富豪.debug.xcconfig"; sourceTree = "<group>"; };
		CA2DCA641823C3744E8E6C14 /* libPods-大富豪.a */ = {isa = PBXFileReference; explicitFileType = archive.ar; includeInIndex = 0; path = "libPods-大富豪.a"; sourceTree = BUILT_PRODUCTS_DIR; };
/* End PBXFileReference section */

/* Begin PBXFrameworksBuildPhase section */
		3C6A3E451DBCCF1700377929 /* Frameworks */ = {
			isa = PBXFrameworksBuildPhase;
			buildActionMask = 2147483647;
			files = (
				FF00367AF38F1E21FFFD4A8A /* libPods-大富豪.a in Frameworks */,
			);
			runOnlyForDeploymentPostprocessing = 0;
		};
		3C6A3E5E1DBCCF1700377929 /* Frameworks */ = {
			isa = PBXFrameworksBuildPhase;
			buildActionMask = 2147483647;
			files = (
			);
			runOnlyForDeploymentPostprocessing = 0;
		};
		3C6A3E691DBCCF1700377929 /* Frameworks */ = {
			isa = PBXFrameworksBuildPhase;
			buildActionMask = 2147483647;
			files = (
			);
			runOnlyForDeploymentPostprocessing = 0;
		};
/* End PBXFrameworksBuildPhase section */

/* Begin PBXGroup section */
		171E72AC1DBEF1720089D5F6 /* MachineSelection */ = {
			isa = PBXGroup;
			children = (
				171E72AD1DBEF1720089D5F6 /* Controller */,
				171E72AE1DBEF1720089D5F6 /* Model */,
				171E72AF1DBEF1720089D5F6 /* View */,
			);
			path = MachineSelection;
			sourceTree = "<group>";
		};
		171E72AD1DBEF1720089D5F6 /* Controller */ = {
			isa = PBXGroup;
			children = (
				171E72B61DBEF4020089D5F6 /* DFHMachineSelectionController.h */,
				171E72B71DBEF4020089D5F6 /* DFHMachineSelectionController.m */,
			);
			path = Controller;
			sourceTree = "<group>";
		};
		171E72AE1DBEF1720089D5F6 /* Model */ = {
			isa = PBXGroup;
			children = (
			);
			path = Model;
			sourceTree = "<group>";
		};
		171E72AF1DBEF1720089D5F6 /* View */ = {
			isa = PBXGroup;
			children = (
				171E72B91DBEFB2C0089D5F6 /* DFHMachineSelectionCollectionCell.h */,
				171E72BA1DBEFB2C0089D5F6 /* DFHMachineSelectionCollectionCell.m */,
			);
			path = View;
			sourceTree = "<group>";
		};
		171E72C01DBF338D0089D5F6 /* crypto */ = {
			isa = PBXGroup;
			children = (
				171E72C11DBF338D0089D5F6 /* NSData+CommonCrypto.h */,
				171E72C21DBF338D0089D5F6 /* NSData+CommonCrypto.m */,
			);
			path = crypto;
			sourceTree = "<group>";
		};
		173E4A331DC1A3D00015B33D /* PositionButton */ = {
			isa = PBXGroup;
			children = (
				173E4A341DC1A3F10015B33D /* PositionButton.h */,
				173E4A351DC1A3F10015B33D /* PositionButton.m */,
			);
			path = PositionButton;
			sourceTree = "<group>";
		};
		173E4A371DC1D2DE0015B33D /* TPKeyboardAvoiding */ = {
			isa = PBXGroup;
			children = (
				173E4A381DC1D2DE0015B33D /* TPKeyboardAvoidingCollectionView.h */,
				173E4A391DC1D2DE0015B33D /* TPKeyboardAvoidingCollectionView.m */,
				173E4A3A1DC1D2DE0015B33D /* TPKeyboardAvoidingScrollView.h */,
				173E4A3B1DC1D2DE0015B33D /* TPKeyboardAvoidingScrollView.m */,
				173E4A3C1DC1D2DE0015B33D /* TPKeyboardAvoidingTableView.h */,
				173E4A3D1DC1D2DE0015B33D /* TPKeyboardAvoidingTableView.m */,
				173E4A3E1DC1D2DE0015B33D /* UIScrollView+TPKeyboardAvoidingAdditions.h */,
				173E4A3F1DC1D2DE0015B33D /* UIScrollView+TPKeyboardAvoidingAdditions.m */,
			);
			path = TPKeyboardAvoiding;
			sourceTree = "<group>";
		};
		17CFD7441DBDE15500911455 /* Resource */ = {
			isa = PBXGroup;
			children = (
				17193B2F1DBE09AE0012C2C5 /* Default_6@2x.png */,
				17193B301DBE09AE0012C2C5 /* Default_6p@3x.png */,
				17193B311DBE09AE0012C2C5 /* Default-568h@2x-1.png */,
				17193B321DBE09AE0012C2C5 /* Default-568h@2x.png */,
				17193B331DBE09AE0012C2C5 /* Default.png */,
				17193B341DBE09AE0012C2C5 /* Default@2x-1.png */,
				17193B351DBE09AE0012C2C5 /* Default@2x.png */,
				17CFD7451DBDE18400911455 /* DFHImageResource.bundle */,
			);
			path = Resource;
			sourceTree = "<group>";
		};
		17CFD74A1DBDE7AA00911455 /* Module */ = {
			isa = PBXGroup;
			children = (
				17E7B4F71DC31D3E00EAD823 /* GameMainInterface */,
				171E72AC1DBEF1720089D5F6 /* MachineSelection */,
				17CFD74B1DBDE7AA00911455 /* EnterOption */,
				17CFD7511DBDE7AA00911455 /* Login */,
				17CFD7551DBDE7AA00911455 /* Register */,
			);
			path = Module;
			sourceTree = "<group>";
		};
		17CFD74B1DBDE7AA00911455 /* EnterOption */ = {
			isa = PBXGroup;
			children = (
				17CFD74C1DBDE7AA00911455 /* Controller */,
				17CFD74F1DBDE7AA00911455 /* Model */,
				17CFD7501DBDE7AA00911455 /* View */,
			);
			path = EnterOption;
			sourceTree = "<group>";
		};
		17CFD74C1DBDE7AA00911455 /* Controller */ = {
			isa = PBXGroup;
			children = (
				17CFD74D1DBDE7AA00911455 /* DFHEnterOptionViewController.h */,
				17CFD74E1DBDE7AA00911455 /* DFHEnterOptionViewController.m */,
			);
			path = Controller;
			sourceTree = "<group>";
		};
		17CFD74F1DBDE7AA00911455 /* Model */ = {
			isa = PBXGroup;
			children = (
			);
			path = Model;
			sourceTree = "<group>";
		};
		17CFD7501DBDE7AA00911455 /* View */ = {
			isa = PBXGroup;
			children = (
			);
			path = View;
			sourceTree = "<group>";
		};
		17CFD7511DBDE7AA00911455 /* Login */ = {
			isa = PBXGroup;
			children = (
				17CFD7521DBDE7AA00911455 /* Controller */,
				17CFD7531DBDE7AA00911455 /* Model */,
				17CFD7541DBDE7AA00911455 /* View */,
			);
			path = Login;
			sourceTree = "<group>";
		};
		17CFD7521DBDE7AA00911455 /* Controller */ = {
			isa = PBXGroup;
			children = (
				171E72B01DBEF3A70089D5F6 /* DFHLoginViewController.h */,
				171E72B11DBEF3A70089D5F6 /* DFHLoginViewController.m */,
			);
			path = Controller;
			sourceTree = "<group>";
		};
		17CFD7531DBDE7AA00911455 /* Model */ = {
			isa = PBXGroup;
			children = (
			);
			path = Model;
			sourceTree = "<group>";
		};
		17CFD7541DBDE7AA00911455 /* View */ = {
			isa = PBXGroup;
			children = (
			);
			path = View;
			sourceTree = "<group>";
		};
		17CFD7551DBDE7AA00911455 /* Register */ = {
			isa = PBXGroup;
			children = (
				17CFD7561DBDE7AA00911455 /* Controller */,
				17CFD7571DBDE7AA00911455 /* Model */,
				17CFD7581DBDE7AA00911455 /* View */,
			);
			path = Register;
			sourceTree = "<group>";
		};
		17CFD7561DBDE7AA00911455 /* Controller */ = {
			isa = PBXGroup;
			children = (
				171E72B31DBEF3E30089D5F6 /* DFHRegisterViewController.h */,
				171E72B41DBEF3E30089D5F6 /* DFHRegisterViewController.m */,
			);
			path = Controller;
			sourceTree = "<group>";
		};
		17CFD7571DBDE7AA00911455 /* Model */ = {
			isa = PBXGroup;
			children = (
			);
			path = Model;
			sourceTree = "<group>";
		};
		17CFD7581DBDE7AA00911455 /* View */ = {
			isa = PBXGroup;
			children = (
			);
			path = View;
			sourceTree = "<group>";
		};
		17E7B4F71DC31D3E00EAD823 /* GameMainInterface */ = {
			isa = PBXGroup;
			children = (
				17E7B4F81DC31D3E00EAD823 /* Controller */,
				17E7B4F91DC31D3E00EAD823 /* Model */,
				17E7B4FA1DC31D3E00EAD823 /* View */,
			);
			path = GameMainInterface;
			sourceTree = "<group>";
		};
		17E7B4F81DC31D3E00EAD823 /* Controller */ = {
			isa = PBXGroup;
			children = (
				17E7B4FB1DC31D7000EAD823 /* DFHGameMainInterFaceController.h */,
				17E7B4FC1DC31D7000EAD823 /* DFHGameMainInterFaceController.m */,
			);
			path = Controller;
			sourceTree = "<group>";
		};
		17E7B4F91DC31D3E00EAD823 /* Model */ = {
			isa = PBXGroup;
			children = (
			);
			path = Model;
			sourceTree = "<group>";
		};
		17E7B4FA1DC31D3E00EAD823 /* View */ = {
			isa = PBXGroup;
			children = (
			);
			path = View;
			sourceTree = "<group>";
		};
		17F794BC1DBDA88600A73B4F /* LogManagement */ = {
			isa = PBXGroup;
			children = (
				17F794BD1DBDA88600A73B4F /* DFHLogManagement.h */,
				17F794BE1DBDA88600A73B4F /* DFHLogManagement.m */,
			);
			path = LogManagement;
			sourceTree = "<group>";
		};
		17F794D01DBDB06B00A73B4F /* RequestService */ = {
			isa = PBXGroup;
			children = (
				17F794D11DBDB06B00A73B4F /* DFHDataDefine.h */,
				17F794D21DBDB06B00A73B4F /* DFHDataDefine.m */,
				17F794D31DBDB06B00A73B4F /* DFHDataUrl.h */,
				17F794D41DBDB06B00A73B4F /* DFHHttpRequest.h */,
				17F794D51DBDB06B00A73B4F /* DFHHttpRequest.m */,
				17F794D61DBDB06B00A73B4F /* DFHRequestBaseInterface.h */,
				17F794D71DBDB06B00A73B4F /* DFHRequestBaseInterface.m */,
				17F794D81DBDB06B00A73B4F /* DFHRequestDataInterface.h */,
				17F794D91DBDB06B00A73B4F /* DFHRequestDataInterface.m */,
				17F794DA1DBDB06B00A73B4F /* DFHResponsePackageDataDefine.h */,
				17F794DB1DBDB06B00A73B4F /* DFHResponsePackageDataDefine.m */,
			);
			path = RequestService;
			sourceTree = "<group>";
		};
		17F794E11DBDCFEA00A73B4F /* Util */ = {
			isa = PBXGroup;
			children = (
				17F794ED1DBDD6BF00A73B4F /* DFHSmartUtility.h */,
				17F794EE1DBDD6BF00A73B4F /* DFHSmartUtility.m */,
				17F794EC1DBDD05D00A73B4F /* Log.h */,
				17F794E21DBDCFEA00A73B4F /* DFHDefine.h */,
				17F794E51DBDCFEA00A73B4F /* DFHUtil.h */,
				17F794E61DBDCFEA00A73B4F /* DFHUtil.m */,
				173E4A441DC1FDA00015B33D /* AES.h */,
				173E4A451DC1FDA00015B33D /* AES.m */,
			);
			path = Util;
			sourceTree = "<group>";
		};
		17F794F01DBDD8F600A73B4F /* Des */ = {
			isa = PBXGroup;
			children = (
				17F794F11DBDD8F600A73B4F /* DESEncryption.m */,
				17F794F21DBDD8F600A73B4F /* DESEncryption.h */,
			);
			path = Des;
			sourceTree = "<group>";
		};
		17F794F31DBDD8F600A73B4F /* MD5 */ = {
			isa = PBXGroup;
			children = (
				17F794F41DBDD8F600A73B4F /* NSString+MD5.h */,
				17F794F51DBDD8F600A73B4F /* NSString+MD5.m */,
			);
			path = MD5;
			sourceTree = "<group>";
		};
		3C6A3E3F1DBCCF1700377929 = {
			isa = PBXGroup;
			children = (
				3C6A3E4A1DBCCF1700377929 /* 大富豪 */,
				3C6A3E641DBCCF1700377929 /* 大富豪Tests */,
				3C6A3E6F1DBCCF1700377929 /* 大富豪UITests */,
				3C6A3E491DBCCF1700377929 /* Products */,
				F58EF97263F3D383A225C618 /* Pods */,
				84DE21A72E6D5DF3F3F64F27 /* Frameworks */,
			);
			sourceTree = "<group>";
		};
		3C6A3E491DBCCF1700377929 /* Products */ = {
			isa = PBXGroup;
			children = (
				3C6A3E481DBCCF1700377929 /* 大富豪.app */,
				3C6A3E611DBCCF1700377929 /* 大富豪Tests.xctest */,
				3C6A3E6C1DBCCF1700377929 /* 大富豪UITests.xctest */,
			);
			name = Products;
			sourceTree = "<group>";
		};
		3C6A3E4A1DBCCF1700377929 /* 大富豪 */ = {
			isa = PBXGroup;
			children = (
				17CFD74A1DBDE7AA00911455 /* Module */,
				17CFD7441DBDE15500911455 /* Resource */,
				3C6A3E7E1DBCCFAD00377929 /* Base */,
				3C6A3E8C1DBCCFAD00377929 /* Category */,
				3C6A3EA61DBCCFAD00377929 /* Common */,
				3C6A3EAF1DBCCFAD00377929 /* Controller */,
				3C6A3F681DBCCFAD00377929 /* Global */,
				3C6A3F6A1DBCCFAD00377929 /* Manager */,
				3C6A3F8B1DBCCFAD00377929 /* Vendor */,
				3C6A3FF91DBCCFAD00377929 /* Views */,
				3C6A3E571DBCCF1700377929 /* Assets.xcassets */,
				3C6A3E591DBCCF1700377929 /* LaunchScreen.storyboard */,
				3C6A3E5C1DBCCF1700377929 /* Info.plist */,
				3C6A3E4B1DBCCF1700377929 /* Supporting Files */,
				3C6A40921DBCD10500377929 /* DaFuHaoPrefixHeader.pch */,
			);
			path = "大富豪";
			sourceTree = "<group>";
		};
		3C6A3E4B1DBCCF1700377929 /* Supporting Files */ = {
			isa = PBXGroup;
			children = (
				3C6A3E4C1DBCCF1700377929 /* main.m */,
			);
			name = "Supporting Files";
			sourceTree = "<group>";
		};
		3C6A3E641DBCCF1700377929 /* 大富豪Tests */ = {
			isa = PBXGroup;
			children = (
				3C6A3E651DBCCF1700377929 /* ___Tests.m */,
				3C6A3E671DBCCF1700377929 /* Info.plist */,
			);
			path = "大富豪Tests";
			sourceTree = "<group>";
		};
		3C6A3E6F1DBCCF1700377929 /* 大富豪UITests */ = {
			isa = PBXGroup;
			children = (
				3C6A3E701DBCCF1700377929 /* ___UITests.m */,
				3C6A3E721DBCCF1700377929 /* Info.plist */,
			);
			path = "大富豪UITests";
			sourceTree = "<group>";
		};
		3C6A3E7E1DBCCFAD00377929 /* Base */ = {
			isa = PBXGroup;
			children = (
				3C6A40931DBCD18A00377929 /* DFHAppDelegate.h */,
				3C6A40941DBCD18A00377929 /* DFHAppDelegate.m */,
				3C6A40961DBCD39600377929 /* DFHBaseViewController.h */,
				3C6A40971DBCD39600377929 /* DFHBaseViewController.m */,
				3C6A40991DBCD3AF00377929 /* DFHNavigationController.h */,
				3C6A409A1DBCD3AF00377929 /* DFHNavigationController.m */,
				3C6A409C1DBCD3C900377929 /* DFHTabBarController.h */,
				3C6A409D1DBCD3C900377929 /* DFHTabBarController.m */,
			);
			path = Base;
			sourceTree = "<group>";
		};
		3C6A3E8C1DBCCFAD00377929 /* Category */ = {
			isa = PBXGroup;
			children = (
				3C6A3E9C1DBCCFAD00377929 /* UIImage+Util.h */,
				3C6A3E9D1DBCCFAD00377929 /* UIImage+Util.m */,
				3C6A3EA21DBCCFAD00377929 /* UIViewController+HUD.h */,
				3C6A3EA31DBCCFAD00377929 /* UIViewController+HUD.m */,
				3C6A3EA41DBCCFAD00377929 /* UIViewController+KeyboardButton.h */,
				3C6A3EA51DBCCFAD00377929 /* UIViewController+KeyboardButton.m */,
			);
			path = Category;
			sourceTree = "<group>";
		};
		3C6A3EA61DBCCFAD00377929 /* Common */ = {
			isa = PBXGroup;
			children = (
				17F794E11DBDCFEA00A73B4F /* Util */,
				3C6A3EA71DBCCFAD00377929 /* JSONFormatFunc */,
			);
			path = Common;
			sourceTree = "<group>";
		};
		3C6A3EA71DBCCFAD00377929 /* JSONFormatFunc */ = {
			isa = PBXGroup;
			children = (
				3C6A3EA81DBCCFAD00377929 /* JSONFormatFunc.h */,
				3C6A3EA91DBCCFAD00377929 /* JSONFormatFunc.m */,
			);
			path = JSONFormatFunc;
			sourceTree = "<group>";
		};
		3C6A3EAF1DBCCFAD00377929 /* Controller */ = {
			isa = PBXGroup;
			children = (
			);
			path = Controller;
			sourceTree = "<group>";
		};
		3C6A3F681DBCCFAD00377929 /* Global */ = {
			isa = PBXGroup;
			children = (
			);
			path = Global;
			sourceTree = "<group>";
		};
		3C6A3F6A1DBCCFAD00377929 /* Manager */ = {
			isa = PBXGroup;
			children = (
				17F794D01DBDB06B00A73B4F /* RequestService */,
				17F794BC1DBDA88600A73B4F /* LogManagement */,
				3C6A3F6B1DBCCFAD00377929 /* DataManager */,
			);
			path = Manager;
			sourceTree = "<group>";
		};
		3C6A3F6B1DBCCFAD00377929 /* DataManager */ = {
			isa = PBXGroup;
			children = (
				17F794B61DBDA4EC00A73B4F /* DFHDataManager.h */,
				17F794B71DBDA4EC00A73B4F /* DFHDataManager.m */,
			);
			path = DataManager;
			sourceTree = "<group>";
		};
		3C6A3F8B1DBCCFAD00377929 /* Vendor */ = {
			isa = PBXGroup;
			children = (
				3C6A3F8C1DBCCFAD00377929 /* Encryption */,
				3C6A3FEF1DBCCFAD00377929 /* GRKPageViewController */,
				3C6A3FF61DBCCFAD00377929 /* KALabel */,
			);
			path = Vendor;
			sourceTree = "<group>";
		};
		3C6A3F8C1DBCCFAD00377929 /* Encryption */ = {
			isa = PBXGroup;
			children = (
				171E72C01DBF338D0089D5F6 /* crypto */,
				17F794F01DBDD8F600A73B4F /* Des */,
				17F794F31DBDD8F600A73B4F /* MD5 */,
				3C6A3F901DBCCFAD00377929 /* Base64 */,
				3C6A3FA01DBCCFAD00377929 /* OpenSSL */,
				3C6A3FEC1DBCCFAD00377929 /* SSKeychain */,
			);
			path = Encryption;
			sourceTree = "<group>";
		};
		3C6A3F901DBCCFAD00377929 /* Base64 */ = {
			isa = PBXGroup;
			children = (
				3C6A3F911DBCCFAD00377929 /* NSData+Base64.h */,
				3C6A3F921DBCCFAD00377929 /* NSData+Base64.m */,
				3C6A3F931DBCCFAD00377929 /* NSString+Base64.h */,
				3C6A3F941DBCCFAD00377929 /* NSString+Base64.m */,
			);
			path = Base64;
			sourceTree = "<group>";
		};
		3C6A3FA01DBCCFAD00377929 /* OpenSSL */ = {
			isa = PBXGroup;
			children = (
				3C6A3FA11DBCCFAD00377929 /* aes.h */,
				3C6A3FA21DBCCFAD00377929 /* asn1.h */,
				3C6A3FA31DBCCFAD00377929 /* asn1_mac.h */,
				3C6A3FA41DBCCFAD00377929 /* asn1t.h */,
				3C6A3FA51DBCCFAD00377929 /* bio.h */,
				3C6A3FA61DBCCFAD00377929 /* blowfish.h */,
				3C6A3FA71DBCCFAD00377929 /* bn.h */,
				3C6A3FA81DBCCFAD00377929 /* buffer.h */,
				3C6A3FA91DBCCFAD00377929 /* camellia.h */,
				3C6A3FAA1DBCCFAD00377929 /* cast.h */,
				3C6A3FAB1DBCCFAD00377929 /* cmac.h */,
				3C6A3FAC1DBCCFAD00377929 /* cms.h */,
				3C6A3FAD1DBCCFAD00377929 /* comp.h */,
				3C6A3FAE1DBCCFAD00377929 /* conf.h */,
				3C6A3FAF1DBCCFAD00377929 /* conf_api.h */,
				3C6A3FB01DBCCFAD00377929 /* crypto.h */,
				3C6A3FB11DBCCFAD00377929 /* des.h */,
				3C6A3FB21DBCCFAD00377929 /* des_old.h */,
				3C6A3FB31DBCCFAD00377929 /* dh.h */,
				3C6A3FB41DBCCFAD00377929 /* dsa.h */,
				3C6A3FB51DBCCFAD00377929 /* dso.h */,
				3C6A3FB61DBCCFAD00377929 /* dtls1.h */,
				3C6A3FB71DBCCFAD00377929 /* e_os2.h */,
				3C6A3FB81DBCCFAD00377929 /* ebcdic.h */,
				3C6A3FB91DBCCFAD00377929 /* ec.h */,
				3C6A3FBA1DBCCFAD00377929 /* ecdh.h */,
				3C6A3FBB1DBCCFAD00377929 /* ecdsa.h */,
				3C6A3FBC1DBCCFAD00377929 /* engine.h */,
				3C6A3FBD1DBCCFAD00377929 /* err.h */,
				3C6A3FBE1DBCCFAD00377929 /* evp.h */,
				3C6A3FBF1DBCCFAD00377929 /* hmac.h */,
				3C6A3FC01DBCCFAD00377929 /* idea.h */,
				3C6A3FC11DBCCFAD00377929 /* krb5_asn.h */,
				3C6A3FC21DBCCFAD00377929 /* kssl.h */,
				3C6A3FC31DBCCFAD00377929 /* lhash.h */,
				3C6A3FC41DBCCFAD00377929 /* md4.h */,
				3C6A3FC51DBCCFAD00377929 /* md5.h */,
				3C6A3FC61DBCCFAD00377929 /* mdc2.h */,
				3C6A3FC71DBCCFAD00377929 /* modes.h */,
				3C6A3FC81DBCCFAD00377929 /* obj_mac.h */,
				3C6A3FC91DBCCFAD00377929 /* objects.h */,
				3C6A3FCA1DBCCFAD00377929 /* ocsp.h */,
				3C6A3FCB1DBCCFAD00377929 /* opensslconf.h */,
				3C6A3FCC1DBCCFAD00377929 /* opensslv.h */,
				3C6A3FCD1DBCCFAD00377929 /* ossl_typ.h */,
				3C6A3FCE1DBCCFAD00377929 /* pem.h */,
				3C6A3FCF1DBCCFAD00377929 /* pem2.h */,
				3C6A3FD01DBCCFAD00377929 /* pkcs12.h */,
				3C6A3FD11DBCCFAD00377929 /* pkcs7.h */,
				3C6A3FD21DBCCFAD00377929 /* pqueue.h */,
				3C6A3FD31DBCCFAD00377929 /* rand.h */,
				3C6A3FD41DBCCFAD00377929 /* rc2.h */,
				3C6A3FD51DBCCFAD00377929 /* rc4.h */,
				3C6A3FD61DBCCFAD00377929 /* ripemd.h */,
				3C6A3FD71DBCCFAD00377929 /* rsa.h */,
				3C6A3FD81DBCCFAD00377929 /* safestack.h */,
				3C6A3FD91DBCCFAD00377929 /* seed.h */,
				3C6A3FDA1DBCCFAD00377929 /* sha.h */,
				3C6A3FDB1DBCCFAD00377929 /* srp.h */,
				3C6A3FDC1DBCCFAD00377929 /* srtp.h */,
				3C6A3FDD1DBCCFAD00377929 /* ssl.h */,
				3C6A3FDE1DBCCFAD00377929 /* ssl2.h */,
				3C6A3FDF1DBCCFAD00377929 /* ssl23.h */,
				3C6A3FE01DBCCFAD00377929 /* ssl3.h */,
				3C6A3FE11DBCCFAD00377929 /* stack.h */,
				3C6A3FE21DBCCFAD00377929 /* symhacks.h */,
				3C6A3FE31DBCCFAD00377929 /* tls1.h */,
				3C6A3FE41DBCCFAD00377929 /* ts.h */,
				3C6A3FE51DBCCFAD00377929 /* txt_db.h */,
				3C6A3FE61DBCCFAD00377929 /* ui.h */,
				3C6A3FE71DBCCFAD00377929 /* ui_compat.h */,
				3C6A3FE81DBCCFAD00377929 /* whrlpool.h */,
				3C6A3FE91DBCCFAD00377929 /* x509.h */,
				3C6A3FEA1DBCCFAD00377929 /* x509_vfy.h */,
				3C6A3FEB1DBCCFAD00377929 /* x509v3.h */,
			);
			path = OpenSSL;
			sourceTree = "<group>";
		};
		3C6A3FEC1DBCCFAD00377929 /* SSKeychain */ = {
			isa = PBXGroup;
			children = (
				3C6A3FED1DBCCFAD00377929 /* SSKeychain.h */,
				3C6A3FEE1DBCCFAD00377929 /* SSKeychain.m */,
			);
			path = SSKeychain;
			sourceTree = "<group>";
		};
		3C6A3FEF1DBCCFAD00377929 /* GRKPageViewController */ = {
			isa = PBXGroup;
			children = (
				3C6A3FF01DBCCFAD00377929 /* GRKPageViewController.h */,
				3C6A3FF11DBCCFAD00377929 /* GRKPageViewController.m */,
			);
			path = GRKPageViewController;
			sourceTree = "<group>";
		};
		3C6A3FF61DBCCFAD00377929 /* KALabel */ = {
			isa = PBXGroup;
			children = (
				3C6A3FF71DBCCFAD00377929 /* KILabel.h */,
				3C6A3FF81DBCCFAD00377929 /* KILabel.m */,
			);
			path = KALabel;
			sourceTree = "<group>";
		};
		3C6A3FF91DBCCFAD00377929 /* Views */ = {
			isa = PBXGroup;
			children = (
				173E4A371DC1D2DE0015B33D /* TPKeyboardAvoiding */,
				173E4A331DC1A3D00015B33D /* PositionButton */,
				3C6A3FFA1DBCCFAD00377929 /* Calendar */,
			);
			path = Views;
			sourceTree = "<group>";
		};
		3C6A3FFA1DBCCFAD00377929 /* Calendar */ = {
			isa = PBXGroup;
			children = (
				3C6A3FFB1DBCCFAD00377929 /* CKCalendarView.h */,
				3C6A3FFC1DBCCFAD00377929 /* CKCalendarView.m */,
				3C6A3FFD1DBCCFAD00377929 /* resources */,
			);
			path = Calendar;
			sourceTree = "<group>";
		};
		3C6A3FFD1DBCCFAD00377929 /* resources */ = {
			isa = PBXGroup;
			children = (
				3C6A3FFE1DBCCFAD00377929 /* left_arrow.png */,
				3C6A3FFF1DBCCFAD00377929 /* left_arrow@2x.png */,
				3C6A40001DBCCFAD00377929 /* right_arrow.png */,
				3C6A40011DBCCFAD00377929 /* right_arrow@2x.png */,
			);
			path = resources;
			sourceTree = "<group>";
		};
		84DE21A72E6D5DF3F3F64F27 /* Frameworks */ = {
			isa = PBXGroup;
			children = (
				CA2DCA641823C3744E8E6C14 /* libPods-大富豪.a */,
			);
			name = Frameworks;
			sourceTree = "<group>";
		};
		F58EF97263F3D383A225C618 /* Pods */ = {
			isa = PBXGroup;
			children = (
				9CF5BE8530604A99EBCD96AA /* Pods-大富豪.debug.xcconfig */,
				196CFE6F246B3A3BD2CA0A7B /* Pods-大富豪.release.xcconfig */,
			);
			name = Pods;
			sourceTree = "<group>";
		};
/* End PBXGroup section */

/* Begin PBXNativeTarget section */
		3C6A3E471DBCCF1700377929 /* 大富豪 */ = {
			isa = PBXNativeTarget;
			buildConfigurationList = 3C6A3E751DBCCF1700377929 /* Build configuration list for PBXNativeTarget "大富豪" */;
			buildPhases = (
				548626A3EE2D10270BE785C9 /* [CP] Check Pods Manifest.lock */,
				3C6A3E441DBCCF1700377929 /* Sources */,
				3C6A3E451DBCCF1700377929 /* Frameworks */,
				3C6A3E461DBCCF1700377929 /* Resources */,
				F40A86B46885BE1CDE5552F4 /* [CP] Embed Pods Frameworks */,
				0E2258AD56194CE9B6ACDB3D /* [CP] Copy Pods Resources */,
			);
			buildRules = (
			);
			dependencies = (
			);
			name = "大富豪";
			productName = "大富豪";
			productReference = 3C6A3E481DBCCF1700377929 /* 大富豪.app */;
			productType = "com.apple.product-type.application";
		};
		3C6A3E601DBCCF1700377929 /* 大富豪Tests */ = {
			isa = PBXNativeTarget;
			buildConfigurationList = 3C6A3E781DBCCF1700377929 /* Build configuration list for PBXNativeTarget "大富豪Tests" */;
			buildPhases = (
				3C6A3E5D1DBCCF1700377929 /* Sources */,
				3C6A3E5E1DBCCF1700377929 /* Frameworks */,
				3C6A3E5F1DBCCF1700377929 /* Resources */,
			);
			buildRules = (
			);
			dependencies = (
				3C6A3E631DBCCF1700377929 /* PBXTargetDependency */,
			);
			name = "大富豪Tests";
			productName = "大富豪Tests";
			productReference = 3C6A3E611DBCCF1700377929 /* 大富豪Tests.xctest */;
			productType = "com.apple.product-type.bundle.unit-test";
		};
		3C6A3E6B1DBCCF1700377929 /* 大富豪UITests */ = {
			isa = PBXNativeTarget;
			buildConfigurationList = 3C6A3E7B1DBCCF1700377929 /* Build configuration list for PBXNativeTarget "大富豪UITests" */;
			buildPhases = (
				3C6A3E681DBCCF1700377929 /* Sources */,
				3C6A3E691DBCCF1700377929 /* Frameworks */,
				3C6A3E6A1DBCCF1700377929 /* Resources */,
			);
			buildRules = (
			);
			dependencies = (
				3C6A3E6E1DBCCF1700377929 /* PBXTargetDependency */,
			);
			name = "大富豪UITests";
			productName = "大富豪UITests";
			productReference = 3C6A3E6C1DBCCF1700377929 /* 大富豪UITests.xctest */;
			productType = "com.apple.product-type.bundle.ui-testing";
		};
/* End PBXNativeTarget section */

/* Begin PBXProject section */
		3C6A3E401DBCCF1700377929 /* Project object */ = {
			isa = PBXProject;
			attributes = {
				LastUpgradeCheck = 0800;
				ORGANIZATIONNAME = Louis;
				TargetAttributes = {
					3C6A3E471DBCCF1700377929 = {
						CreatedOnToolsVersion = 8.0;
						DevelopmentTeam = 8YC2YJDRHR;
						ProvisioningStyle = Automatic;
					};
					3C6A3E601DBCCF1700377929 = {
						CreatedOnToolsVersion = 8.0;
						ProvisioningStyle = Automatic;
						TestTargetID = 3C6A3E471DBCCF1700377929;
					};
					3C6A3E6B1DBCCF1700377929 = {
						CreatedOnToolsVersion = 8.0;
						ProvisioningStyle = Automatic;
						TestTargetID = 3C6A3E471DBCCF1700377929;
					};
				};
			};
			buildConfigurationList = 3C6A3E431DBCCF1700377929 /* Build configuration list for PBXProject "大富豪" */;
			compatibilityVersion = "Xcode 3.2";
			developmentRegion = English;
			hasScannedForEncodings = 0;
			knownRegions = (
				en,
				Base,
			);
			mainGroup = 3C6A3E3F1DBCCF1700377929;
			productRefGroup = 3C6A3E491DBCCF1700377929 /* Products */;
			projectDirPath = "";
			projectRoot = "";
			targets = (
				3C6A3E471DBCCF1700377929 /* 大富豪 */,
				3C6A3E601DBCCF1700377929 /* 大富豪Tests */,
				3C6A3E6B1DBCCF1700377929 /* 大富豪UITests */,
			);
		};
/* End PBXProject section */

/* Begin PBXResourcesBuildPhase section */
		3C6A3E461DBCCF1700377929 /* Resources */ = {
			isa = PBXResourcesBuildPhase;
			buildActionMask = 2147483647;
			files = (
				3C6A408E1DBCCFAD00377929 /* left_arrow.png in Resources */,
				3C6A3E5B1DBCCF1700377929 /* LaunchScreen.storyboard in Resources */,
				3C6A40901DBCCFAD00377929 /* right_arrow.png in Resources */,
				3C6A3E581DBCCF1700377929 /* Assets.xcassets in Resources */,
				17CFD7461DBDE18400911455 /* DFHImageResource.bundle in Resources */,
				17193B391DBE09AE0012C2C5 /* Default-568h@2x.png in Resources */,
				3C6A40911DBCCFAD00377929 /* right_arrow@2x.png in Resources */,
				17193B3A1DBE09AE0012C2C5 /* Default.png in Resources */,
				17193B361DBE09AE0012C2C5 /* Default_6@2x.png in Resources */,
				17193B381DBE09AE0012C2C5 /* Default-568h@2x-1.png in Resources */,
				17193B3B1DBE09AE0012C2C5 /* Default@2x-1.png in Resources */,
				17193B371DBE09AE0012C2C5 /* Default_6p@3x.png in Resources */,
				17193B3C1DBE09AE0012C2C5 /* Default@2x.png in Resources */,
				3C6A408F1DBCCFAD00377929 /* left_arrow@2x.png in Resources */,
			);
			runOnlyForDeploymentPostprocessing = 0;
		};
		3C6A3E5F1DBCCF1700377929 /* Resources */ = {
			isa = PBXResourcesBuildPhase;
			buildActionMask = 2147483647;
			files = (
			);
			runOnlyForDeploymentPostprocessing = 0;
		};
		3C6A3E6A1DBCCF1700377929 /* Resources */ = {
			isa = PBXResourcesBuildPhase;
			buildActionMask = 2147483647;
			files = (
			);
			runOnlyForDeploymentPostprocessing = 0;
		};
/* End PBXResourcesBuildPhase section */

/* Begin PBXShellScriptBuildPhase section */
		0E2258AD56194CE9B6ACDB3D /* [CP] Copy Pods Resources */ = {
			isa = PBXShellScriptBuildPhase;
			buildActionMask = 2147483647;
			files = (
			);
			inputPaths = (
			);
			name = "[CP] Copy Pods Resources";
			outputPaths = (
			);
			runOnlyForDeploymentPostprocessing = 0;
			shellPath = /bin/sh;
			shellScript = "\"${SRCROOT}/Pods/Target Support Files/Pods-大富豪/Pods-大富豪-resources.sh\"\n";
			showEnvVarsInLog = 0;
		};
		548626A3EE2D10270BE785C9 /* [CP] Check Pods Manifest.lock */ = {
			isa = PBXShellScriptBuildPhase;
			buildActionMask = 2147483647;
			files = (
			);
			inputPaths = (
			);
			name = "[CP] Check Pods Manifest.lock";
			outputPaths = (
			);
			runOnlyForDeploymentPostprocessing = 0;
			shellPath = /bin/sh;
			shellScript = "diff \"${PODS_ROOT}/../Podfile.lock\" \"${PODS_ROOT}/Manifest.lock\" > /dev/null\nif [[ $? != 0 ]] ; then\n    cat << EOM\nerror: The sandbox is not in sync with the Podfile.lock. Run 'pod install' or update your CocoaPods installation.\nEOM\n    exit 1\nfi\n";
			showEnvVarsInLog = 0;
		};
		F40A86B46885BE1CDE5552F4 /* [CP] Embed Pods Frameworks */ = {
			isa = PBXShellScriptBuildPhase;
			buildActionMask = 2147483647;
			files = (
			);
			inputPaths = (
			);
			name = "[CP] Embed Pods Frameworks";
			outputPaths = (
			);
			runOnlyForDeploymentPostprocessing = 0;
			shellPath = /bin/sh;
			shellScript = "\"${SRCROOT}/Pods/Target Support Files/Pods-大富豪/Pods-大富豪-frameworks.sh\"\n";
			showEnvVarsInLog = 0;
		};
/* End PBXShellScriptBuildPhase section */

/* Begin PBXSourcesBuildPhase section */
		3C6A3E441DBCCF1700377929 /* Sources */ = {
			isa = PBXSourcesBuildPhase;
			buildActionMask = 2147483647;
			files = (
				3C6A40141DBCCFAD00377929 /* UIViewController+KeyboardButton.m in Sources */,
				17F794F61DBDD8F600A73B4F /* DESEncryption.m in Sources */,
				171E72C31DBF338D0089D5F6 /* NSData+CommonCrypto.m in Sources */,
				173E4A361DC1A3F10015B33D /* PositionButton.m in Sources */,
				171E72B51DBEF3E30089D5F6 /* DFHRegisterViewController.m in Sources */,
				3C6A408A1DBCCFAD00377929 /* GRKPageViewController.m in Sources */,
				3C6A408D1DBCCFAD00377929 /* CKCalendarView.m in Sources */,
				3C6A40151DBCCFAD00377929 /* JSONFormatFunc.m in Sources */,
				17F794F71DBDD8F600A73B4F /* NSString+MD5.m in Sources */,
				3C6A408C1DBCCFAD00377929 /* KILabel.m in Sources */,
				17F794BF1DBDA88600A73B4F /* DFHLogManagement.m in Sources */,
				3C6A40951DBCD18A00377929 /* DFHAppDelegate.m in Sources */,
				173E4A461DC1FDA00015B33D /* AES.m in Sources */,
				17F794DD1DBDB06B00A73B4F /* DFHHttpRequest.m in Sources */,
				173E4A421DC1D2DE0015B33D /* TPKeyboardAvoidingTableView.m in Sources */,
				17F794EF1DBDD6BF00A73B4F /* DFHSmartUtility.m in Sources */,
				17F794EA1DBDCFEA00A73B4F /* DFHUtil.m in Sources */,
				171E72B81DBEF4020089D5F6 /* DFHMachineSelectionController.m in Sources */,
				17E7B4FD1DC31D7000EAD823 /* DFHGameMainInterFaceController.m in Sources */,
				3C6A40891DBCCFAD00377929 /* SSKeychain.m in Sources */,
				17F794E01DBDB06B00A73B4F /* DFHResponsePackageDataDefine.m in Sources */,
				171E72BB1DBEFB2C0089D5F6 /* DFHMachineSelectionCollectionCell.m in Sources */,
				173E4A401DC1D2DE0015B33D /* TPKeyboardAvoidingCollectionView.m in Sources */,
				3C6A40131DBCCFAD00377929 /* UIViewController+HUD.m in Sources */,
				3C6A409B1DBCD3AF00377929 /* DFHNavigationController.m in Sources */,
				17CFD7591DBDE7AA00911455 /* DFHEnterOptionViewController.m in Sources */,
				171E72B21DBEF3A70089D5F6 /* DFHLoginViewController.m in Sources */,
				3C6A40981DBCD39600377929 /* DFHBaseViewController.m in Sources */,
				173E4A431DC1D2DE0015B33D /* UIScrollView+TPKeyboardAvoidingAdditions.m in Sources */,
				17F794DC1DBDB06B00A73B4F /* DFHDataDefine.m in Sources */,
				3C6A40101DBCCFAD00377929 /* UIImage+Util.m in Sources */,
				17F794B81DBDA4EC00A73B4F /* DFHDataManager.m in Sources */,
				3C6A3E4D1DBCCF1700377929 /* main.m in Sources */,
				3C6A40831DBCCFAD00377929 /* NSData+Base64.m in Sources */,
				3C6A40841DBCCFAD00377929 /* NSString+Base64.m in Sources */,
				3C6A409E1DBCD3C900377929 /* DFHTabBarController.m in Sources */,
				173E4A411DC1D2DE0015B33D /* TPKeyboardAvoidingScrollView.m in Sources */,
				17F794DE1DBDB06B00A73B4F /* DFHRequestBaseInterface.m in Sources */,
				17F794DF1DBDB06B00A73B4F /* DFHRequestDataInterface.m in Sources */,
			);
			runOnlyForDeploymentPostprocessing = 0;
		};
		3C6A3E5D1DBCCF1700377929 /* Sources */ = {
			isa = PBXSourcesBuildPhase;
			buildActionMask = 2147483647;
			files = (
				3C6A3E661DBCCF1700377929 /* ___Tests.m in Sources */,
			);
			runOnlyForDeploymentPostprocessing = 0;
		};
		3C6A3E681DBCCF1700377929 /* Sources */ = {
			isa = PBXSourcesBuildPhase;
			buildActionMask = 2147483647;
			files = (
				3C6A3E711DBCCF1700377929 /* ___UITests.m in Sources */,
			);
			runOnlyForDeploymentPostprocessing = 0;
		};
/* End PBXSourcesBuildPhase section */

/* Begin PBXTargetDependency section */
		3C6A3E631DBCCF1700377929 /* PBXTargetDependency */ = {
			isa = PBXTargetDependency;
			target = 3C6A3E471DBCCF1700377929 /* 大富豪 */;
			targetProxy = 3C6A3E621DBCCF1700377929 /* PBXContainerItemProxy */;
		};
		3C6A3E6E1DBCCF1700377929 /* PBXTargetDependency */ = {
			isa = PBXTargetDependency;
			target = 3C6A3E471DBCCF1700377929 /* 大富豪 */;
			targetProxy = 3C6A3E6D1DBCCF1700377929 /* PBXContainerItemProxy */;
		};
/* End PBXTargetDependency section */

/* Begin PBXVariantGroup section */
		3C6A3E591DBCCF1700377929 /* LaunchScreen.storyboard */ = {
			isa = PBXVariantGroup;
			children = (
				3C6A3E5A1DBCCF1700377929 /* Base */,
			);
			name = LaunchScreen.storyboard;
			sourceTree = "<group>";
		};
/* End PBXVariantGroup section */

/* Begin XCBuildConfiguration section */
		3C6A3E731DBCCF1700377929 /* Debug */ = {
			isa = XCBuildConfiguration;
			buildSettings = {
				ALWAYS_SEARCH_USER_PATHS = NO;
				CLANG_ANALYZER_NONNULL = YES;
				CLANG_CXX_LANGUAGE_STANDARD = "gnu++0x";
				CLANG_CXX_LIBRARY = "libc++";
				CLANG_ENABLE_MODULES = YES;
				CLANG_ENABLE_OBJC_ARC = YES;
				CLANG_WARN_BOOL_CONVERSION = YES;
				CLANG_WARN_CONSTANT_CONVERSION = YES;
				CLANG_WARN_DIRECT_OBJC_ISA_USAGE = YES_ERROR;
				CLANG_WARN_DOCUMENTATION_COMMENTS = YES;
				CLANG_WARN_EMPTY_BODY = YES;
				CLANG_WARN_ENUM_CONVERSION = YES;
				CLANG_WARN_INFINITE_RECURSION = YES;
				CLANG_WARN_INT_CONVERSION = YES;
				CLANG_WARN_OBJC_ROOT_CLASS = YES_ERROR;
				CLANG_WARN_SUSPICIOUS_MOVES = YES;
				CLANG_WARN_UNREACHABLE_CODE = YES;
				CLANG_WARN__DUPLICATE_METHOD_MATCH = YES;
				"CODE_SIGN_IDENTITY[sdk=iphoneos*]" = "iPhone Developer";
				COPY_PHASE_STRIP = NO;
				DEBUG_INFORMATION_FORMAT = dwarf;
				ENABLE_STRICT_OBJC_MSGSEND = YES;
				ENABLE_TESTABILITY = YES;
				GCC_C_LANGUAGE_STANDARD = gnu99;
				GCC_DYNAMIC_NO_PIC = NO;
				GCC_NO_COMMON_BLOCKS = YES;
				GCC_OPTIMIZATION_LEVEL = 0;
				GCC_PREPROCESSOR_DEFINITIONS = (
					"DEBUG=1",
					"$(inherited)",
				);
				GCC_WARN_64_TO_32_BIT_CONVERSION = YES;
				GCC_WARN_ABOUT_RETURN_TYPE = YES_ERROR;
				GCC_WARN_UNDECLARED_SELECTOR = YES;
				GCC_WARN_UNINITIALIZED_AUTOS = YES_AGGRESSIVE;
				GCC_WARN_UNUSED_FUNCTION = YES;
				GCC_WARN_UNUSED_VARIABLE = YES;
				IPHONEOS_DEPLOYMENT_TARGET = 10.0;
				MTL_ENABLE_DEBUG_INFO = YES;
				ONLY_ACTIVE_ARCH = YES;
				SDKROOT = iphoneos;
			};
			name = Debug;
		};
		3C6A3E741DBCCF1700377929 /* Release */ = {
			isa = XCBuildConfiguration;
			buildSettings = {
				ALWAYS_SEARCH_USER_PATHS = NO;
				CLANG_ANALYZER_NONNULL = YES;
				CLANG_CXX_LANGUAGE_STANDARD = "gnu++0x";
				CLANG_CXX_LIBRARY = "libc++";
				CLANG_ENABLE_MODULES = YES;
				CLANG_ENABLE_OBJC_ARC = YES;
				CLANG_WARN_BOOL_CONVERSION = YES;
				CLANG_WARN_CONSTANT_CONVERSION = YES;
				CLANG_WARN_DIRECT_OBJC_ISA_USAGE = YES_ERROR;
				CLANG_WARN_DOCUMENTATION_COMMENTS = YES;
				CLANG_WARN_EMPTY_BODY = YES;
				CLANG_WARN_ENUM_CONVERSION = YES;
				CLANG_WARN_INFINITE_RECURSION = YES;
				CLANG_WARN_INT_CONVERSION = YES;
				CLANG_WARN_OBJC_ROOT_CLASS = YES_ERROR;
				CLANG_WARN_SUSPICIOUS_MOVES = YES;
				CLANG_WARN_UNREACHABLE_CODE = YES;
				CLANG_WARN__DUPLICATE_METHOD_MATCH = YES;
				"CODE_SIGN_IDENTITY[sdk=iphoneos*]" = "iPhone Developer";
				COPY_PHASE_STRIP = NO;
				DEBUG_INFORMATION_FORMAT = "dwarf-with-dsym";
				ENABLE_NS_ASSERTIONS = NO;
				ENABLE_STRICT_OBJC_MSGSEND = YES;
				GCC_C_LANGUAGE_STANDARD = gnu99;
				GCC_NO_COMMON_BLOCKS = YES;
				GCC_WARN_64_TO_32_BIT_CONVERSION = YES;
				GCC_WARN_ABOUT_RETURN_TYPE = YES_ERROR;
				GCC_WARN_UNDECLARED_SELECTOR = YES;
				GCC_WARN_UNINITIALIZED_AUTOS = YES_AGGRESSIVE;
				GCC_WARN_UNUSED_FUNCTION = YES;
				GCC_WARN_UNUSED_VARIABLE = YES;
				IPHONEOS_DEPLOYMENT_TARGET = 10.0;
				MTL_ENABLE_DEBUG_INFO = NO;
				SDKROOT = iphoneos;
				VALIDATE_PRODUCT = YES;
			};
			name = Release;
		};
		3C6A3E761DBCCF1700377929 /* Debug */ = {
			isa = XCBuildConfiguration;
			baseConfigurationReference = 9CF5BE8530604A99EBCD96AA /* Pods-大富豪.debug.xcconfig */;
			buildSettings = {
				ASSETCATALOG_COMPILER_APPICON_NAME = AppIcon;
				ASSETCATALOG_COMPILER_LAUNCHIMAGE_NAME = LaunchImage;
				DEVELOPMENT_TEAM = 8YC2YJDRHR;
				ENABLE_BITCODE = NO;
				GCC_PREFIX_HEADER = "$(SRCROOT)/大富豪/DaFuHaoPrefixHeader.pch";
				INFOPLIST_FILE = "大富豪/Info.plist";
				IPHONEOS_DEPLOYMENT_TARGET = 8.0;
				LD_RUNPATH_SEARCH_PATHS = "$(inherited) @executable_path/Frameworks";
				PRODUCT_BUNDLE_IDENTIFIER = dafuhao.game.com;
				PRODUCT_NAME = "$(TARGET_NAME)";
			};
			name = Debug;
		};
		3C6A3E771DBCCF1700377929 /* Release */ = {
			isa = XCBuildConfiguration;
			baseConfigurationReference = 196CFE6F246B3A3BD2CA0A7B /* Pods-大富豪.release.xcconfig */;
			buildSettings = {
				ASSETCATALOG_COMPILER_APPICON_NAME = AppIcon;
				ASSETCATALOG_COMPILER_LAUNCHIMAGE_NAME = LaunchImage;
				DEVELOPMENT_TEAM = 8YC2YJDRHR;
				ENABLE_BITCODE = NO;
				GCC_PREFIX_HEADER = "$(SRCROOT)/大富豪/DaFuHaoPrefixHeader.pch";
				INFOPLIST_FILE = "大富豪/Info.plist";
				IPHONEOS_DEPLOYMENT_TARGET = 8.0;
				LD_RUNPATH_SEARCH_PATHS = "$(inherited) @executable_path/Frameworks";
				PRODUCT_BUNDLE_IDENTIFIER = dafuhao.game.com;
				PRODUCT_NAME = "$(TARGET_NAME)";
			};
			name = Release;
		};
		3C6A3E791DBCCF1700377929 /* Debug */ = {
			isa = XCBuildConfiguration;
			buildSettings = {
				BUNDLE_LOADER = "$(TEST_HOST)";
				INFOPLIST_FILE = "大富豪Tests/Info.plist";
				LD_RUNPATH_SEARCH_PATHS = "$(inherited) @executable_path/Frameworks @loader_path/Frameworks";
				PRODUCT_BUNDLE_IDENTIFIER = "LYX.---Tests";
				PRODUCT_NAME = "$(TARGET_NAME)";
				TEST_HOST = "$(BUILT_PRODUCTS_DIR)/大富豪.app/大富豪";
			};
			name = Debug;
		};
		3C6A3E7A1DBCCF1700377929 /* Release */ = {
			isa = XCBuildConfiguration;
			buildSettings = {
				BUNDLE_LOADER = "$(TEST_HOST)";
				INFOPLIST_FILE = "大富豪Tests/Info.plist";
				LD_RUNPATH_SEARCH_PATHS = "$(inherited) @executable_path/Frameworks @loader_path/Frameworks";
				PRODUCT_BUNDLE_IDENTIFIER = "LYX.---Tests";
				PRODUCT_NAME = "$(TARGET_NAME)";
				TEST_HOST = "$(BUILT_PRODUCTS_DIR)/大富豪.app/大富豪";
			};
			name = Release;
		};
		3C6A3E7C1DBCCF1700377929 /* Debug */ = {
			isa = XCBuildConfiguration;
			buildSettings = {
				INFOPLIST_FILE = "大富豪UITests/Info.plist";
				LD_RUNPATH_SEARCH_PATHS = "$(inherited) @executable_path/Frameworks @loader_path/Frameworks";
				PRODUCT_BUNDLE_IDENTIFIER = "LYX.---UITests";
				PRODUCT_NAME = "$(TARGET_NAME)";
				TEST_TARGET_NAME = "大富豪";
			};
			name = Debug;
		};
		3C6A3E7D1DBCCF1700377929 /* Release */ = {
			isa = XCBuildConfiguration;
			buildSettings = {
				INFOPLIST_FILE = "大富豪UITests/Info.plist";
				LD_RUNPATH_SEARCH_PATHS = "$(inherited) @executable_path/Frameworks @loader_path/Frameworks";
				PRODUCT_BUNDLE_IDENTIFIER = "LYX.---UITests";
				PRODUCT_NAME = "$(TARGET_NAME)";
				TEST_TARGET_NAME = "大富豪";
			};
			name = Release;
		};
/* End XCBuildConfiguration section */

/* Begin XCConfigurationList section */
		3C6A3E431DBCCF1700377929 /* Build configuration list for PBXProject "大富豪" */ = {
			isa = XCConfigurationList;
			buildConfigurations = (
				3C6A3E731DBCCF1700377929 /* Debug */,
				3C6A3E741DBCCF1700377929 /* Release */,
			);
			defaultConfigurationIsVisible = 0;
			defaultConfigurationName = Release;
		};
		3C6A3E751DBCCF1700377929 /* Build configuration list for PBXNativeTarget "大富豪" */ = {
			isa = XCConfigurationList;
			buildConfigurations = (
				3C6A3E761DBCCF1700377929 /* Debug */,
				3C6A3E771DBCCF1700377929 /* Release */,
			);
			defaultConfigurationIsVisible = 0;
			defaultConfigurationName = Release;
		};
		3C6A3E781DBCCF1700377929 /* Build configuration list for PBXNativeTarget "大富豪Tests" */ = {
			isa = XCConfigurationList;
			buildConfigurations = (
				3C6A3E791DBCCF1700377929 /* Debug */,
				3C6A3E7A1DBCCF1700377929 /* Release */,
			);
			defaultConfigurationIsVisible = 0;
			defaultConfigurationName = Release;
		};
		3C6A3E7B1DBCCF1700377929 /* Build configuration list for PBXNativeTarget "大富豪UITests" */ = {
			isa = XCConfigurationList;
			buildConfigurations = (
				3C6A3E7C1DBCCF1700377929 /* Debug */,
				3C6A3E7D1DBCCF1700377929 /* Release */,
			);
			defaultConfigurationIsVisible = 0;
			defaultConfigurationName = Release;
		};
/* End XCConfigurationList section */
	};
	rootObject = 3C6A3E401DBCCF1700377929 /* Project object */;
}
